{
  "originHash" : "dbaec00dc4b2ee3d493c725a092f50c53bd63c07b1b226ab73809ac2907b4418",
  "pins" : [
    {
      "identity" : "myapilibrary",
      "kind" : "remoteSourceControl",
      "location" : "https://github.com/mudassarahmad09/MyApiLibrary",
      "state" : {
        "branch" : "main",
        "revision" : "3f93950ec56d8557cf41cfd28c2fa9ee565cbde3"
      }
    }
  ],
  "version" : 3
}
