// !$*UTF8*$!
{
	archiveVersion = 1;
	classes = {
	};
	objectVersion = 55;
	objects = {

/* Begin PBXBuildFile section */
		7A1657F328CA1E97004EDE42 /* StarzPlayCodeChallengeApp.swift in Sources */ = {isa = PBXBuildFile; fileRef = 7A1657F228CA1E97004EDE42 /* StarzPlayCodeChallengeApp.swift */; };
		7A1657F528CA1E97004EDE42 /* ContentView.swift in Sources */ = {isa = PBXBuildFile; fileRef = 7A1657F428CA1E97004EDE42 /* ContentView.swift */; };
		7A1657F728CA1E9A004EDE42 /* Assets.xcassets in Resources */ = {isa = PBXBuildFile; fileRef = 7A1657F628CA1E9A004EDE42 /* Assets.xcassets */; };
		7A1657FA28CA1E9A004EDE42 /* Preview Assets.xcassets in Resources */ = {isa = PBXBuildFile; fileRef = 7A1657F928CA1E9A004EDE42 /* Preview Assets.xcassets */; };
		7A16580428CA1E9A004EDE42 /* StarzPlayCodeChallengeTests.swift in Sources */ = {isa = PBXBuildFile; fileRef = 7A16580328CA1E9A004EDE42 /* StarzPlayCodeChallengeTests.swift */; };
		7A16580E28CA1E9A004EDE42 /* StarzPlayCodeChallengeUITests.swift in Sources */ = {isa = PBXBuildFile; fileRef = 7A16580D28CA1E9A004EDE42 /* StarzPlayCodeChallengeUITests.swift */; };
		7A16581028CA1E9A004EDE42 /* StarzPlayCodeChallengeUITestsLaunchTests.swift in Sources */ = {isa = PBXBuildFile; fileRef = 7A16580F28CA1E9A004EDE42 /* StarzPlayCodeChallengeUITestsLaunchTests.swift */; };
		7A16582028CA22D0004EDE42 /* NavbarHiddenView.swift in Sources */ = {isa = PBXBuildFile; fileRef = 7A16581F28CA22D0004EDE42 /* NavbarHiddenView.swift */; };
		7A16582328CA2365004EDE42 /* TVDetailView.swift in Sources */ = {isa = PBXBuildFile; fileRef = 7A16582228CA2365004EDE42 /* TVDetailView.swift */; };
		7A16582628CA26F2004EDE42 /* Constant.swift in Sources */ = {isa = PBXBuildFile; fileRef = 7A16582528CA26F2004EDE42 /* Constant.swift */; };
		7A16582828CA34D5004EDE42 /* GradientImageView.swift in Sources */ = {isa = PBXBuildFile; fileRef = 7A16582728CA34D5004EDE42 /* GradientImageView.swift */; };
		7A16582928CA34D5004EDE42 /* GradientImageView.swift in Sources */ = {isa = PBXBuildFile; fileRef = 7A16582728CA34D5004EDE42 /* GradientImageView.swift */; };
		7A16582B28CA4724004EDE42 /* Extension.swift in Sources */ = {isa = PBXBuildFile; fileRef = 7A16582A28CA4724004EDE42 /* Extension.swift */; };
		7A16582C28CA4724004EDE42 /* Extension.swift in Sources */ = {isa = PBXBuildFile; fileRef = 7A16582A28CA4724004EDE42 /* Extension.swift */; };
		7A16582E28CA5CAB004EDE42 /* PlayButton.swift in Sources */ = {isa = PBXBuildFile; fileRef = 7A16582D28CA5CAB004EDE42 /* PlayButton.swift */; };
		7A16582F28CA5CAB004EDE42 /* PlayButton.swift in Sources */ = {isa = PBXBuildFile; fileRef = 7A16582D28CA5CAB004EDE42 /* PlayButton.swift */; };
		7A16583128CA60F6004EDE42 /* TrailerButton.swift in Sources */ = {isa = PBXBuildFile; fileRef = 7A16583028CA60F6004EDE42 /* TrailerButton.swift */; };
		7A16583228CA60F6004EDE42 /* TrailerButton.swift in Sources */ = {isa = PBXBuildFile; fileRef = 7A16583028CA60F6004EDE42 /* TrailerButton.swift */; };
		7A16583428CA6A19004EDE42 /* ExpandableView.swift in Sources */ = {isa = PBXBuildFile; fileRef = 7A16583328CA6A19004EDE42 /* ExpandableView.swift */; };
		7A16583528CA6A19004EDE42 /* ExpandableView.swift in Sources */ = {isa = PBXBuildFile; fileRef = 7A16583328CA6A19004EDE42 /* ExpandableView.swift */; };
		7A16583728CA6F8D004EDE42 /* RoundedButton.swift in Sources */ = {isa = PBXBuildFile; fileRef = 7A16583628CA6F8D004EDE42 /* RoundedButton.swift */; };
		7A16583828CA6F8D004EDE42 /* RoundedButton.swift in Sources */ = {isa = PBXBuildFile; fileRef = 7A16583628CA6F8D004EDE42 /* RoundedButton.swift */; };
		7A16583A28CB0325004EDE42 /* SeasonGridView.swift in Sources */ = {isa = PBXBuildFile; fileRef = 7A16583928CB0325004EDE42 /* SeasonGridView.swift */; };
		7A16583F28CB1D3D004EDE42 /* Season.swift in Sources */ = {isa = PBXBuildFile; fileRef = 7A16583E28CB1D3D004EDE42 /* Season.swift */; };
		7A16584028CB1D3D004EDE42 /* Season.swift in Sources */ = {isa = PBXBuildFile; fileRef = 7A16583E28CB1D3D004EDE42 /* Season.swift */; };
		7A16584228CB1D59004EDE42 /* SeasonGridVM.swift in Sources */ = {isa = PBXBuildFile; fileRef = 7A16584128CB1D59004EDE42 /* SeasonGridVM.swift */; };
		7A16584328CB1D59004EDE42 /* SeasonGridVM.swift in Sources */ = {isa = PBXBuildFile; fileRef = 7A16584128CB1D59004EDE42 /* SeasonGridVM.swift */; };
		7A16584528CB3A20004EDE42 /* EpisodeCell.swift in Sources */ = {isa = PBXBuildFile; fileRef = 7A16584428CB3A20004EDE42 /* EpisodeCell.swift */; };
		7A16584628CB3A20004EDE42 /* EpisodeCell.swift in Sources */ = {isa = PBXBuildFile; fileRef = 7A16584428CB3A20004EDE42 /* EpisodeCell.swift */; };
		7A16584B28CB59AA004EDE42 /* EndPoint.swift in Sources */ = {isa = PBXBuildFile; fileRef = 7A16584A28CB59AA004EDE42 /* EndPoint.swift */; };
		7A16584C28CB59AA004EDE42 /* EndPoint.swift in Sources */ = {isa = PBXBuildFile; fileRef = 7A16584A28CB59AA004EDE42 /* EndPoint.swift */; };
		7A16584E28CB67B6004EDE42 /* ClientManager.swift in Sources */ = {isa = PBXBuildFile; fileRef = 7A16584D28CB67B6004EDE42 /* ClientManager.swift */; };
		7A16584F28CB67B6004EDE42 /* ClientManager.swift in Sources */ = {isa = PBXBuildFile; fileRef = 7A16584D28CB67B6004EDE42 /* ClientManager.swift */; };
		7A16585128CB6872004EDE42 /* RequestType.swift in Sources */ = {isa = PBXBuildFile; fileRef = 7A16585028CB6872004EDE42 /* RequestType.swift */; };
		7A16585228CB6872004EDE42 /* RequestType.swift in Sources */ = {isa = PBXBuildFile; fileRef = 7A16585028CB6872004EDE42 /* RequestType.swift */; };
		7A16585428CB68A2004EDE42 /* RequestError.swift in Sources */ = {isa = PBXBuildFile; fileRef = 7A16585328CB68A2004EDE42 /* RequestError.swift */; };
		7A16585528CB68A2004EDE42 /* RequestError.swift in Sources */ = {isa = PBXBuildFile; fileRef = 7A16585328CB68A2004EDE42 /* RequestError.swift */; };
		7A16585828CB6A06004EDE42 /* SeasonEndPoint.swift in Sources */ = {isa = PBXBuildFile; fileRef = 7A16585728CB6A06004EDE42 /* SeasonEndPoint.swift */; };
		7A16585928CB6A06004EDE42 /* SeasonEndPoint.swift in Sources */ = {isa = PBXBuildFile; fileRef = 7A16585728CB6A06004EDE42 /* SeasonEndPoint.swift */; };
		7A16585C28CB6A82004EDE42 /* SeasonService.swift in Sources */ = {isa = PBXBuildFile; fileRef = 7A16585B28CB6A82004EDE42 /* SeasonService.swift */; };
		7A16585D28CB6A82004EDE42 /* SeasonService.swift in Sources */ = {isa = PBXBuildFile; fileRef = 7A16585B28CB6A82004EDE42 /* SeasonService.swift */; };
		7A16585F28CB7938004EDE42 /* TvDetailModel.swift in Sources */ = {isa = PBXBuildFile; fileRef = 7A16585E28CB7938004EDE42 /* TvDetailModel.swift */; };
		7A16586028CB7938004EDE42 /* TvDetailModel.swift in Sources */ = {isa = PBXBuildFile; fileRef = 7A16585E28CB7938004EDE42 /* TvDetailModel.swift */; };
		7A16586228CB7FA6004EDE42 /* GenricModel.swift in Sources */ = {isa = PBXBuildFile; fileRef = 7A16586128CB7FA6004EDE42 /* GenricModel.swift */; };
		7A16586328CB7FA6004EDE42 /* GenricModel.swift in Sources */ = {isa = PBXBuildFile; fileRef = 7A16586128CB7FA6004EDE42 /* GenricModel.swift */; };
		7A551FD828CB8F5700B8F9BD /* TVDetailVM.swift in Sources */ = {isa = PBXBuildFile; fileRef = 7A551FD728CB8F5700B8F9BD /* TVDetailVM.swift */; };
/* End PBXBuildFile section */

/* Begin PBXContainerItemProxy section */
		7A16580028CA1E9A004EDE42 /* PBXContainerItemProxy */ = {
			isa = PBXContainerItemProxy;
			containerPortal = 7A1657E728CA1E96004EDE42 /* Project object */;
			proxyType = 1;
			remoteGlobalIDString = 7A1657EE28CA1E96004EDE42;
			remoteInfo = StarzPlayCodeChallenge;
		};
		7A16580A28CA1E9A004EDE42 /* PBXContainerItemProxy */ = {
			isa = PBXContainerItemProxy;
			containerPortal = 7A1657E728CA1E96004EDE42 /* Project object */;
			proxyType = 1;
			remoteGlobalIDString = 7A1657EE28CA1E96004EDE42;
			remoteInfo = StarzPlayCodeChallenge;
		};
/* End PBXContainerItemProxy section */

/* Begin PBXFileReference section */
		7A1657EF28CA1E96004EDE42 /* StarzPlayCodeChallenge.app */ = {isa = PBXFileReference; explicitFileType = wrapper.application; includeInIndex = 0; path = StarzPlayCodeChallenge.app; sourceTree = BUILT_PRODUCTS_DIR; };
		7A1657F228CA1E97004EDE42 /* StarzPlayCodeChallengeApp.swift */ = {isa = PBXFileReference; lastKnownFileType = sourcecode.swift; path = StarzPlayCodeChallengeApp.swift; sourceTree = "<group>"; };
		7A1657F428CA1E97004EDE42 /* ContentView.swift */ = {isa = PBXFileReference; lastKnownFileType = sourcecode.swift; path = ContentView.swift; sourceTree = "<group>"; };
		7A1657F628CA1E9A004EDE42 /* Assets.xcassets */ = {isa = PBXFileReference; lastKnownFileType = folder.assetcatalog; path = Assets.xcassets; sourceTree = "<group>"; };
		7A1657F928CA1E9A004EDE42 /* Preview Assets.xcassets */ = {isa = PBXFileReference; lastKnownFileType = folder.assetcatalog; path = "Preview Assets.xcassets"; sourceTree = "<group>"; };
		7A1657FF28CA1E9A004EDE42 /* StarzPlayCodeChallengeTests.xctest */ = {isa = PBXFileReference; explicitFileType = wrapper.cfbundle; includeInIndex = 0; path = StarzPlayCodeChallengeTests.xctest; sourceTree = BUILT_PRODUCTS_DIR; };
		7A16580328CA1E9A004EDE42 /* StarzPlayCodeChallengeTests.swift */ = {isa = PBXFileReference; lastKnownFileType = sourcecode.swift; path = StarzPlayCodeChallengeTests.swift; sourceTree = "<group>"; };
		7A16580928CA1E9A004EDE42 /* StarzPlayCodeChallengeUITests.xctest */ = {isa = PBXFileReference; explicitFileType = wrapper.cfbundle; includeInIndex = 0; path = StarzPlayCodeChallengeUITests.xctest; sourceTree = BUILT_PRODUCTS_DIR; };
		7A16580D28CA1E9A004EDE42 /* StarzPlayCodeChallengeUITests.swift */ = {isa = PBXFileReference; lastKnownFileType = sourcecode.swift; path = StarzPlayCodeChallengeUITests.swift; sourceTree = "<group>"; };
		7A16580F28CA1E9A004EDE42 /* StarzPlayCodeChallengeUITestsLaunchTests.swift */ = {isa = PBXFileReference; lastKnownFileType = sourcecode.swift; path = StarzPlayCodeChallengeUITestsLaunchTests.swift; sourceTree = "<group>"; };
		7A16581F28CA22D0004EDE42 /* NavbarHiddenView.swift */ = {isa = PBXFileReference; lastKnownFileType = sourcecode.swift; path = NavbarHiddenView.swift; sourceTree = "<group>"; };
		7A16582228CA2365004EDE42 /* TVDetailView.swift */ = {isa = PBXFileReference; lastKnownFileType = sourcecode.swift; path = TVDetailView.swift; sourceTree = "<group>"; };
		7A16582528CA26F2004EDE42 /* Constant.swift */ = {isa = PBXFileReference; lastKnownFileType = sourcecode.swift; path = Constant.swift; sourceTree = "<group>"; };
		7A16582728CA34D5004EDE42 /* GradientImageView.swift */ = {isa = PBXFileReference; lastKnownFileType = sourcecode.swift; path = GradientImageView.swift; sourceTree = "<group>"; };
		7A16582A28CA4724004EDE42 /* Extension.swift */ = {isa = PBXFileReference; lastKnownFileType = sourcecode.swift; path = Extension.swift; sourceTree = "<group>"; };
		7A16582D28CA5CAB004EDE42 /* PlayButton.swift */ = {isa = PBXFileReference; lastKnownFileType = sourcecode.swift; path = PlayButton.swift; sourceTree = "<group>"; };
		7A16583028CA60F6004EDE42 /* TrailerButton.swift */ = {isa = PBXFileReference; lastKnownFileType = sourcecode.swift; path = TrailerButton.swift; sourceTree = "<group>"; };
		7A16583328CA6A19004EDE42 /* ExpandableView.swift */ = {isa = PBXFileReference; lastKnownFileType = sourcecode.swift; path = ExpandableView.swift; sourceTree = "<group>"; };
		7A16583628CA6F8D004EDE42 /* RoundedButton.swift */ = {isa = PBXFileReference; lastKnownFileType = sourcecode.swift; path = RoundedButton.swift; sourceTree = "<group>"; };
		7A16583928CB0325004EDE42 /* SeasonGridView.swift */ = {isa = PBXFileReference; lastKnownFileType = sourcecode.swift; path = SeasonGridView.swift; sourceTree = "<group>"; };
		7A16583E28CB1D3D004EDE42 /* Season.swift */ = {isa = PBXFileReference; lastKnownFileType = sourcecode.swift; path = Season.swift; sourceTree = "<group>"; };
		7A16584128CB1D59004EDE42 /* SeasonGridVM.swift */ = {isa = PBXFileReference; lastKnownFileType = sourcecode.swift; path = SeasonGridVM.swift; sourceTree = "<group>"; };
		7A16584428CB3A20004EDE42 /* EpisodeCell.swift */ = {isa = PBXFileReference; lastKnownFileType = sourcecode.swift; path = EpisodeCell.swift; sourceTree = "<group>"; };
		7A16584A28CB59AA004EDE42 /* EndPoint.swift */ = {isa = PBXFileReference; lastKnownFileType = sourcecode.swift; path = EndPoint.swift; sourceTree = "<group>"; };
		7A16584D28CB67B6004EDE42 /* ClientManager.swift */ = {isa = PBXFileReference; lastKnownFileType = sourcecode.swift; path = ClientManager.swift; sourceTree = "<group>"; };
		7A16585028CB6872004EDE42 /* RequestType.swift */ = {isa = PBXFileReference; lastKnownFileType = sourcecode.swift; path = RequestType.swift; sourceTree = "<group>"; };
		7A16585328CB68A2004EDE42 /* RequestError.swift */ = {isa = PBXFileReference; lastKnownFileType = sourcecode.swift; path = RequestError.swift; sourceTree = "<group>"; };
		7A16585728CB6A06004EDE42 /* SeasonEndPoint.swift */ = {isa = PBXFileReference; lastKnownFileType = sourcecode.swift; path = SeasonEndPoint.swift; sourceTree = "<group>"; };
		7A16585B28CB6A82004EDE42 /* SeasonService.swift */ = {isa = PBXFileReference; lastKnownFileType = sourcecode.swift; path = SeasonService.swift; sourceTree = "<group>"; };
		7A16585E28CB7938004EDE42 /* TvDetailModel.swift */ = {isa = PBXFileReference; lastKnownFileType = sourcecode.swift; path = TvDetailModel.swift; sourceTree = "<group>"; };
		7A16586128CB7FA6004EDE42 /* GenricModel.swift */ = {isa = PBXFileReference; lastKnownFileType = sourcecode.swift; path = GenricModel.swift; sourceTree = "<group>"; };
		7A551FD728CB8F5700B8F9BD /* TVDetailVM.swift */ = {isa = PBXFileReference; lastKnownFileType = sourcecode.swift; path = TVDetailVM.swift; sourceTree = "<group>"; };
		7A551FDB28CBB4F800B8F9BD /* Info.plist */ = {isa = PBXFileReference; lastKnownFileType = text.plist; path = Info.plist; sourceTree = "<group>"; };
/* End PBXFileReference section */

/* Begin PBXFrameworksBuildPhase section */
		7A1657EC28CA1E96004EDE42 /* Frameworks */ = {
			isa = PBXFrameworksBuildPhase;
			buildActionMask = 2147483647;
			files = (
			);
			runOnlyForDeploymentPostprocessing = 0;
		};
		7A1657FC28CA1E9A004EDE42 /* Frameworks */ = {
			isa = PBXFrameworksBuildPhase;
			buildActionMask = 2147483647;
			files = (
			);
			runOnlyForDeploymentPostprocessing = 0;
		};
		7A16580628CA1E9A004EDE42 /* Frameworks */ = {
			isa = PBXFrameworksBuildPhase;
			buildActionMask = 2147483647;
			files = (
			);
			runOnlyForDeploymentPostprocessing = 0;
		};
/* End PBXFrameworksBuildPhase section */

/* Begin PBXGroup section */
		7A1657E628CA1E96004EDE42 = {
			isa = PBXGroup;
			children = (
				7A1657F128CA1E96004EDE42 /* StarzPlayCodeChallenge */,
				7A1657F628CA1E9A004EDE42 /* Assets.xcassets */,
				7A16580228CA1E9A004EDE42 /* StarzPlayCodeChallengeTests */,
				7A16580C28CA1E9A004EDE42 /* StarzPlayCodeChallengeUITests */,
				7A1657F028CA1E96004EDE42 /* Products */,
			);
			sourceTree = "<group>";
		};
		7A1657F028CA1E96004EDE42 /* Products */ = {
			isa = PBXGroup;
			children = (
				7A1657EF28CA1E96004EDE42 /* StarzPlayCodeChallenge.app */,
				7A1657FF28CA1E9A004EDE42 /* StarzPlayCodeChallengeTests.xctest */,
				7A16580928CA1E9A004EDE42 /* StarzPlayCodeChallengeUITests.xctest */,
			);
			name = Products;
			sourceTree = "<group>";
		};
		7A1657F128CA1E96004EDE42 /* StarzPlayCodeChallenge */ = {
			isa = PBXGroup;
			children = (
				7A551FDB28CBB4F800B8F9BD /* Info.plist */,
				7A16581D28CA225C004EDE42 /* Views */,
				7A16583D28CB1D1F004EDE42 /* ViewModel */,
				7A16583C28CB1D0F004EDE42 /* Model */,
				7A16584828CB5746004EDE42 /* Network */,
				7A16582428CA26C0004EDE42 /* Utility */,
				7A16581C28CA20AD004EDE42 /* AppMain */,
				7A1657F828CA1E9A004EDE42 /* Preview Content */,
			);
			path = StarzPlayCodeChallenge;
			sourceTree = "<group>";
		};
		7A1657F828CA1E9A004EDE42 /* Preview Content */ = {
			isa = PBXGroup;
			children = (
				7A1657F928CA1E9A004EDE42 /* Preview Assets.xcassets */,
			);
			path = "Preview Content";
			sourceTree = "<group>";
		};
		7A16580228CA1E9A004EDE42 /* StarzPlayCodeChallengeTests */ = {
			isa = PBXGroup;
			children = (
				7A16580328CA1E9A004EDE42 /* StarzPlayCodeChallengeTests.swift */,
			);
			path = StarzPlayCodeChallengeTests;
			sourceTree = "<group>";
		};
		7A16580C28CA1E9A004EDE42 /* StarzPlayCodeChallengeUITests */ = {
			isa = PBXGroup;
			children = (
				7A16580D28CA1E9A004EDE42 /* StarzPlayCodeChallengeUITests.swift */,
				7A16580F28CA1E9A004EDE42 /* StarzPlayCodeChallengeUITestsLaunchTests.swift */,
			);
			path = StarzPlayCodeChallengeUITests;
			sourceTree = "<group>";
		};
		7A16581C28CA20AD004EDE42 /* AppMain */ = {
			isa = PBXGroup;
			children = (
				7A1657F228CA1E97004EDE42 /* StarzPlayCodeChallengeApp.swift */,
				7A1657F428CA1E97004EDE42 /* ContentView.swift */,
			);
			path = AppMain;
			sourceTree = "<group>";
		};
		7A16581D28CA225C004EDE42 /* Views */ = {
			isa = PBXGroup;
			children = (
				7A16582128CA2316004EDE42 /* TVDetailViews */,
				7A16581E28CA22A1004EDE42 /* CustomeViews */,
			);
			path = Views;
			sourceTree = "<group>";
		};
		7A16581E28CA22A1004EDE42 /* CustomeViews */ = {
			isa = PBXGroup;
			children = (
				7A16581F28CA22D0004EDE42 /* NavbarHiddenView.swift */,
				7A16582728CA34D5004EDE42 /* GradientImageView.swift */,
				7A16582D28CA5CAB004EDE42 /* PlayButton.swift */,
				7A16583028CA60F6004EDE42 /* TrailerButton.swift */,
				7A16583328CA6A19004EDE42 /* ExpandableView.swift */,
				7A16583628CA6F8D004EDE42 /* RoundedButton.swift */,
			);
			path = CustomeViews;
			sourceTree = "<group>";
		};
		7A16582128CA2316004EDE42 /* TVDetailViews */ = {
			isa = PBXGroup;
			children = (
				7A16582228CA2365004EDE42 /* TVDetailView.swift */,
				7A16583928CB0325004EDE42 /* SeasonGridView.swift */,
				7A16584428CB3A20004EDE42 /* EpisodeCell.swift */,
			);
			path = TVDetailViews;
			sourceTree = "<group>";
		};
		7A16582428CA26C0004EDE42 /* Utility */ = {
			isa = PBXGroup;
			children = (
				7A16582528CA26F2004EDE42 /* Constant.swift */,
				7A16582A28CA4724004EDE42 /* Extension.swift */,
			);
			path = Utility;
			sourceTree = "<group>";
		};
		7A16583C28CB1D0F004EDE42 /* Model */ = {
			isa = PBXGroup;
			children = (
				7A16583E28CB1D3D004EDE42 /* Season.swift */,
				7A16585E28CB7938004EDE42 /* TvDetailModel.swift */,
				7A16586128CB7FA6004EDE42 /* GenricModel.swift */,
			);
			path = Model;
			sourceTree = "<group>";
		};
		7A16583D28CB1D1F004EDE42 /* ViewModel */ = {
			isa = PBXGroup;
			children = (
				7A16584128CB1D59004EDE42 /* SeasonGridVM.swift */,
				7A551FD728CB8F5700B8F9BD /* TVDetailVM.swift */,
			);
			path = ViewModel;
			sourceTree = "<group>";
		};
		7A16584828CB5746004EDE42 /* Network */ = {
			isa = PBXGroup;
			children = (
				7A16584928CB5916004EDE42 /* Base */,
				7A16585628CB699A004EDE42 /* SeasonEndPoint */,
				7A16585A28CB6A55004EDE42 /* SeasonServices */,
			);
			path = Network;
			sourceTree = "<group>";
		};
		7A16584928CB5916004EDE42 /* Base */ = {
			isa = PBXGroup;
			children = (
				7A16584A28CB59AA004EDE42 /* EndPoint.swift */,
				7A16584D28CB67B6004EDE42 /* ClientManager.swift */,
				7A16585028CB6872004EDE42 /* RequestType.swift */,
				7A16585328CB68A2004EDE42 /* RequestError.swift */,
			);
			path = Base;
			sourceTree = "<group>";
		};
		7A16585628CB699A004EDE42 /* SeasonEndPoint */ = {
			isa = PBXGroup;
			children = (
				7A16585728CB6A06004EDE42 /* SeasonEndPoint.swift */,
			);
			path = SeasonEndPoint;
			sourceTree = "<group>";
		};
		7A16585A28CB6A55004EDE42 /* SeasonServices */ = {
			isa = PBXGroup;
			children = (
				7A16585B28CB6A82004EDE42 /* SeasonService.swift */,
			);
			path = SeasonServices;
			sourceTree = "<group>";
		};
/* End PBXGroup section */

/* Begin PBXNativeTarget section */
		7A1657EE28CA1E96004EDE42 /* StarzPlayCodeChallenge */ = {
			isa = PBXNativeTarget;
			buildConfigurationList = 7A16581328CA1E9A004EDE42 /* Build configuration list for PBXNativeTarget "StarzPlayCodeChallenge" */;
			buildPhases = (
				7A1657EB28CA1E96004EDE42 /* Sources */,
				7A1657EC28CA1E96004EDE42 /* Frameworks */,
				7A1657ED28CA1E96004EDE42 /* Resources */,
			);
			buildRules = (
			);
			dependencies = (
			);
			name = StarzPlayCodeChallenge;
			productName = StarzPlayCodeChallenge;
			productReference = 7A1657EF28CA1E96004EDE42 /* StarzPlayCodeChallenge.app */;
			productType = "com.apple.product-type.application";
		};
		7A1657FE28CA1E9A004EDE42 /* StarzPlayCodeChallengeTests */ = {
			isa = PBXNativeTarget;
			buildConfigurationList = 7A16581628CA1E9A004EDE42 /* Build configuration list for PBXNativeTarget "StarzPlayCodeChallengeTests" */;
			buildPhases = (
				7A1657FB28CA1E9A004EDE42 /* Sources */,
				7A1657FC28CA1E9A004EDE42 /* Frameworks */,
				7A1657FD28CA1E9A004EDE42 /* Resources */,
			);
			buildRules = (
			);
			dependencies = (
				7A16580128CA1E9A004EDE42 /* PBXTargetDependency */,
			);
			name = StarzPlayCodeChallengeTests;
			productName = StarzPlayCodeChallengeTests;
			productReference = 7A1657FF28CA1E9A004EDE42 /* StarzPlayCodeChallengeTests.xctest */;
			productType = "com.apple.product-type.bundle.unit-test";
		};
		7A16580828CA1E9A004EDE42 /* StarzPlayCodeChallengeUITests */ = {
			isa = PBXNativeTarget;
			buildConfigurationList = 7A16581928CA1E9A004EDE42 /* Build configuration list for PBXNativeTarget "StarzPlayCodeChallengeUITests" */;
			buildPhases = (
				7A16580528CA1E9A004EDE42 /* Sources */,
				7A16580628CA1E9A004EDE42 /* Frameworks */,
				7A16580728CA1E9A004EDE42 /* Resources */,
			);
			buildRules = (
			);
			dependencies = (
				7A16580B28CA1E9A004EDE42 /* PBXTargetDependency */,
			);
			name = StarzPlayCodeChallengeUITests;
			productName = StarzPlayCodeChallengeUITests;
			productReference = 7A16580928CA1E9A004EDE42 /* StarzPlayCodeChallengeUITests.xctest */;
			productType = "com.apple.product-type.bundle.ui-testing";
		};
/* End PBXNativeTarget section */

/* Begin PBXProject section */
		7A1657E728CA1E96004EDE42 /* Project object */ = {
			isa = PBXProject;
			attributes = {
				BuildIndependentTargetsInParallel = 1;
				LastSwiftUpdateCheck = 1330;
				LastUpgradeCheck = 1330;
				TargetAttributes = {
					7A1657EE28CA1E96004EDE42 = {
						CreatedOnToolsVersion = 13.3;
					};
					7A1657FE28CA1E9A004EDE42 = {
						CreatedOnToolsVersion = 13.3;
						TestTargetID = 7A1657EE28CA1E96004EDE42;
					};
					7A16580828CA1E9A004EDE42 = {
						CreatedOnToolsVersion = 13.3;
						TestTargetID = 7A1657EE28CA1E96004EDE42;
					};
				};
			};
			buildConfigurationList = 7A1657EA28CA1E96004EDE42 /* Build configuration list for PBXProject "StarzPlayCodeChallenge" */;
			compatibilityVersion = "Xcode 13.0";
			developmentRegion = en;
			hasScannedForEncodings = 0;
			knownRegions = (
				en,
				Base,
			);
			mainGroup = 7A1657E628CA1E96004EDE42;
			productRefGroup = 7A1657F028CA1E96004EDE42 /* Products */;
			projectDirPath = "";
			projectRoot = "";
			targets = (
				7A1657EE28CA1E96004EDE42 /* StarzPlayCodeChallenge */,
				7A1657FE28CA1E9A004EDE42 /* StarzPlayCodeChallengeTests */,
				7A16580828CA1E9A004EDE42 /* StarzPlayCodeChallengeUITests */,
			);
		};
/* End PBXProject section */

/* Begin PBXResourcesBuildPhase section */
		7A1657ED28CA1E96004EDE42 /* Resources */ = {
			isa = PBXResourcesBuildPhase;
			buildActionMask = 2147483647;
			files = (
				7A1657FA28CA1E9A004EDE42 /* Preview Assets.xcassets in Resources */,
				7A1657F728CA1E9A004EDE42 /* Assets.xcassets in Resources */,
			);
			runOnlyForDeploymentPostprocessing = 0;
		};
		7A1657FD28CA1E9A004EDE42 /* Resources */ = {
			isa = PBXResourcesBuildPhase;
			buildActionMask = 2147483647;
			files = (
			);
			runOnlyForDeploymentPostprocessing = 0;
		};
		7A16580728CA1E9A004EDE42 /* Resources */ = {
			isa = PBXResourcesBuildPhase;
			buildActionMask = 2147483647;
			files = (
			);
			runOnlyForDeploymentPostprocessing = 0;
		};
/* End PBXResourcesBuildPhase section */

/* Begin PBXSourcesBuildPhase section */
		7A1657EB28CA1E96004EDE42 /* Sources */ = {
			isa = PBXSourcesBuildPhase;
			buildActionMask = 2147483647;
			files = (
				7A1657F528CA1E97004EDE42 /* ContentView.swift in Sources */,
				7A16583A28CB0325004EDE42 /* SeasonGridView.swift in Sources */,
				7A16582328CA2365004EDE42 /* TVDetailView.swift in Sources */,
				7A16583428CA6A19004EDE42 /* ExpandableView.swift in Sources */,
				7A16582B28CA4724004EDE42 /* Extension.swift in Sources */,
				7A16584528CB3A20004EDE42 /* EpisodeCell.swift in Sources */,
				7A16585F28CB7938004EDE42 /* TvDetailModel.swift in Sources */,
				7A16582828CA34D5004EDE42 /* GradientImageView.swift in Sources */,
				7A16583128CA60F6004EDE42 /* TrailerButton.swift in Sources */,
				7A16583728CA6F8D004EDE42 /* RoundedButton.swift in Sources */,
				7A16585828CB6A06004EDE42 /* SeasonEndPoint.swift in Sources */,
				7A16584E28CB67B6004EDE42 /* ClientManager.swift in Sources */,
				7A16585128CB6872004EDE42 /* RequestType.swift in Sources */,
				7A16586228CB7FA6004EDE42 /* GenricModel.swift in Sources */,
				7A16583F28CB1D3D004EDE42 /* Season.swift in Sources */,
				7A16584B28CB59AA004EDE42 /* EndPoint.swift in Sources */,
				7A16585C28CB6A82004EDE42 /* SeasonService.swift in Sources */,
				7A16584228CB1D59004EDE42 /* SeasonGridVM.swift in Sources */,
				7A16585428CB68A2004EDE42 /* RequestError.swift in Sources */,
				7A551FD828CB8F5700B8F9BD /* TVDetailVM.swift in Sources */,
				7A1657F328CA1E97004EDE42 /* StarzPlayCodeChallengeApp.swift in Sources */,
				7A16582E28CA5CAB004EDE42 /* PlayButton.swift in Sources */,
				7A16582628CA26F2004EDE42 /* Constant.swift in Sources */,
				7A16582028CA22D0004EDE42 /* NavbarHiddenView.swift in Sources */,
			);
			runOnlyForDeploymentPostprocessing = 0;
		};
		7A1657FB28CA1E9A004EDE42 /* Sources */ = {
			isa = PBXSourcesBuildPhase;
			buildActionMask = 2147483647;
			files = (
				7A16585528CB68A2004EDE42 /* RequestError.swift in Sources */,
				7A16584028CB1D3D004EDE42 /* Season.swift in Sources */,
				7A16582C28CA4724004EDE42 /* Extension.swift in Sources */,
				7A16583228CA60F6004EDE42 /* TrailerButton.swift in Sources */,
				7A16582F28CA5CAB004EDE42 /* PlayButton.swift in Sources */,
				7A16584C28CB59AA004EDE42 /* EndPoint.swift in Sources */,
				7A16582928CA34D5004EDE42 /* GradientImageView.swift in Sources */,
				7A16584F28CB67B6004EDE42 /* ClientManager.swift in Sources */,
				7A16585D28CB6A82004EDE42 /* SeasonService.swift in Sources */,
				7A16586328CB7FA6004EDE42 /* GenricModel.swift in Sources */,
				7A16584628CB3A20004EDE42 /* EpisodeCell.swift in Sources */,
				7A16585928CB6A06004EDE42 /* SeasonEndPoint.swift in Sources */,
				7A16585228CB6872004EDE42 /* RequestType.swift in Sources */,
				7A16583828CA6F8D004EDE42 /* RoundedButton.swift in Sources */,
				7A16584328CB1D59004EDE42 /* SeasonGridVM.swift in Sources */,
				7A16583528CA6A19004EDE42 /* ExpandableView.swift in Sources */,
				7A16580428CA1E9A004EDE42 /* StarzPlayCodeChallengeTests.swift in Sources */,
				7A16586028CB7938004EDE42 /* TvDetailModel.swift in Sources */,
			);
			runOnlyForDeploymentPostprocessing = 0;
		};
		7A16580528CA1E9A004EDE42 /* Sources */ = {
			isa = PBXSourcesBuildPhase;
			buildActionMask = 2147483647;
			files = (
				7A16581028CA1E9A004EDE42 /* StarzPlayCodeChallengeUITestsLaunchTests.swift in Sources */,
				7A16580E28CA1E9A004EDE42 /* StarzPlayCodeChallengeUITests.swift in Sources */,
			);
			runOnlyForDeploymentPostprocessing = 0;
		};
/* End PBXSourcesBuildPhase section */

/* Begin PBXTargetDependency section */
		7A16580128CA1E9A004EDE42 /* PBXTargetDependency */ = {
			isa = PBXTargetDependency;
			target = 7A1657EE28CA1E96004EDE42 /* StarzPlayCodeChallenge */;
			targetProxy = 7A16580028CA1E9A004EDE42 /* PBXContainerItemProxy */;
		};
		7A16580B28CA1E9A004EDE42 /* PBXTargetDependency */ = {
			isa = PBXTargetDependency;
			target = 7A1657EE28CA1E96004EDE42 /* StarzPlayCodeChallenge */;
			targetProxy = 7A16580A28CA1E9A004EDE42 /* PBXContainerItemProxy */;
		};
/* End PBXTargetDependency section */

/* Begin XCBuildConfiguration section */
		7A16581128CA1E9A004EDE42 /* Debug */ = {
			isa = XCBuildConfiguration;
			buildSettings = {
				ALWAYS_SEARCH_USER_PATHS = NO;
				CLANG_ANALYZER_NONNULL = YES;
				CLANG_ANALYZER_NUMBER_OBJECT_CONVERSION = YES_AGGRESSIVE;
				CLANG_CXX_LANGUAGE_STANDARD = "gnu++17";
				CLANG_ENABLE_MODULES = YES;
				CLANG_ENABLE_OBJC_ARC = YES;
				CLANG_ENABLE_OBJC_WEAK = YES;
				CLANG_WARN_BLOCK_CAPTURE_AUTORELEASING = YES;
				CLANG_WARN_BOOL_CONVERSION = YES;
				CLANG_WARN_COMMA = YES;
				CLANG_WARN_CONSTANT_CONVERSION = YES;
				CLANG_WARN_DEPRECATED_OBJC_IMPLEMENTATIONS = YES;
				CLANG_WARN_DIRECT_OBJC_ISA_USAGE = YES_ERROR;
				CLANG_WARN_DOCUMENTATION_COMMENTS = YES;
				CLANG_WARN_EMPTY_BODY = YES;
				CLANG_WARN_ENUM_CONVERSION = YES;
				CLANG_WARN_INFINITE_RECURSION = YES;
				CLANG_WARN_INT_CONVERSION = YES;
				CLANG_WARN_NON_LITERAL_NULL_CONVERSION = YES;
				CLANG_WARN_OBJC_IMPLICIT_RETAIN_SELF = YES;
				CLANG_WARN_OBJC_LITERAL_CONVERSION = YES;
				CLANG_WARN_OBJC_ROOT_CLASS = YES_ERROR;
				CLANG_WARN_QUOTED_INCLUDE_IN_FRAMEWORK_HEADER = YES;
				CLANG_WARN_RANGE_LOOP_ANALYSIS = YES;
				CLANG_WARN_STRICT_PROTOTYPES = YES;
				CLANG_WARN_SUSPICIOUS_MOVE = YES;
				CLANG_WARN_UNGUARDED_AVAILABILITY = YES_AGGRESSIVE;
				CLANG_WARN_UNREACHABLE_CODE = YES;
				CLANG_WARN__DUPLICATE_METHOD_MATCH = YES;
				COPY_PHASE_STRIP = NO;
				DEBUG_INFORMATION_FORMAT = dwarf;
				ENABLE_STRICT_OBJC_MSGSEND = YES;
				ENABLE_TESTABILITY = YES;
				GCC_C_LANGUAGE_STANDARD = gnu11;
				GCC_DYNAMIC_NO_PIC = NO;
				GCC_NO_COMMON_BLOCKS = YES;
				GCC_OPTIMIZATION_LEVEL = 0;
				GCC_PREPROCESSOR_DEFINITIONS = (
					"DEBUG=1",
					"$(inherited)",
				);
				GCC_WARN_64_TO_32_BIT_CONVERSION = YES;
				GCC_WARN_ABOUT_RETURN_TYPE = YES_ERROR;
				GCC_WARN_UNDECLARED_SELECTOR = YES;
				GCC_WARN_UNINITIALIZED_AUTOS = YES_AGGRESSIVE;
				GCC_WARN_UNUSED_FUNCTION = YES;
				GCC_WARN_UNUSED_VARIABLE = YES;
				IPHONEOS_DEPLOYMENT_TARGET = 15.4;
				MTL_ENABLE_DEBUG_INFO = INCLUDE_SOURCE;
				MTL_FAST_MATH = YES;
				ONLY_ACTIVE_ARCH = YES;
				SDKROOT = iphoneos;
				SWIFT_ACTIVE_COMPILATION_CONDITIONS = DEBUG;
				SWIFT_OPTIMIZATION_LEVEL = "-Onone";
			};
			name = Debug;
		};
		7A16581228CA1E9A004EDE42 /* Release */ = {
			isa = XCBuildConfiguration;
			buildSettings = {
				ALWAYS_SEARCH_USER_PATHS = NO;
				CLANG_ANALYZER_NONNULL = YES;
				CLANG_ANALYZER_NUMBER_OBJECT_CONVERSION = YES_AGGRESSIVE;
				CLANG_CXX_LANGUAGE_STANDARD = "gnu++17";
				CLANG_ENABLE_MODULES = YES;
				CLANG_ENABLE_OBJC_ARC = YES;
				CLANG_ENABLE_OBJC_WEAK = YES;
				CLANG_WARN_BLOCK_CAPTURE_AUTORELEASING = YES;
				CLANG_WARN_BOOL_CONVERSION = YES;
				CLANG_WARN_COMMA = YES;
				CLANG_WARN_CONSTANT_CONVERSION = YES;
				CLANG_WARN_DEPRECATED_OBJC_IMPLEMENTATIONS = YES;
				CLANG_WARN_DIRECT_OBJC_ISA_USAGE = YES_ERROR;
				CLANG_WARN_DOCUMENTATION_COMMENTS = YES;
				CLANG_WARN_EMPTY_BODY = YES;
				CLANG_WARN_ENUM_CONVERSION = YES;
				CLANG_WARN_INFINITE_RECURSION = YES;
				CLANG_WARN_INT_CONVERSION = YES;
				CLANG_WARN_NON_LITERAL_NULL_CONVERSION = YES;
				CLANG_WARN_OBJC_IMPLICIT_RETAIN_SELF = YES;
				CLANG_WARN_OBJC_LITERAL_CONVERSION = YES;
				CLANG_WARN_OBJC_ROOT_CLASS = YES_ERROR;
				CLANG_WARN_QUOTED_INCLUDE_IN_FRAMEWORK_HEADER = YES;
				CLANG_WARN_RANGE_LOOP_ANALYSIS = YES;
				CLANG_WARN_STRICT_PROTOTYPES = YES;
				CLANG_WARN_SUSPICIOUS_MOVE = YES;
				CLANG_WARN_UNGUARDED_AVAILABILITY = YES_AGGRESSIVE;
				CLANG_WARN_UNREACHABLE_CODE = YES;
				CLANG_WARN__DUPLICATE_METHOD_MATCH = YES;
				COPY_PHASE_STRIP = NO;
				DEBUG_INFORMATION_FORMAT = "dwarf-with-dsym";
				ENABLE_NS_ASSERTIONS = NO;
				ENABLE_STRICT_OBJC_MSGSEND = YES;
				GCC_C_LANGUAGE_STANDARD = gnu11;
				GCC_NO_COMMON_BLOCKS = YES;
				GCC_WARN_64_TO_32_BIT_CONVERSION = YES;
				GCC_WARN_ABOUT_RETURN_TYPE = YES_ERROR;
				GCC_WARN_UNDECLARED_SELECTOR = YES;
				GCC_WARN_UNINITIALIZED_AUTOS = YES_AGGRESSIVE;
				GCC_WARN_UNUSED_FUNCTION = YES;
				GCC_WARN_UNUSED_VARIABLE = YES;
				IPHONEOS_DEPLOYMENT_TARGET = 15.4;
				MTL_ENABLE_DEBUG_INFO = NO;
				MTL_FAST_MATH = YES;
				SDKROOT = iphoneos;
				SWIFT_COMPILATION_MODE = wholemodule;
				SWIFT_OPTIMIZATION_LEVEL = "-O";
				VALIDATE_PRODUCT = YES;
			};
			name = Release;
		};
		7A16581428CA1E9A004EDE42 /* Debug */ = {
			isa = XCBuildConfiguration;
			buildSettings = {
				ASSETCATALOG_COMPILER_APPICON_NAME = AppIcon;
				ASSETCATALOG_COMPILER_GLOBAL_ACCENT_COLOR_NAME = AccentColor;
				CODE_SIGN_STYLE = Automatic;
				CURRENT_PROJECT_VERSION = 1;
				DEVELOPMENT_ASSET_PATHS = "\"StarzPlayCodeChallenge/Preview Content\"";
				DEVELOPMENT_TEAM = 5SXPZ2ZD2X;
				ENABLE_PREVIEWS = YES;
				GENERATE_INFOPLIST_FILE = YES;
				INFOPLIST_FILE = StarzPlayCodeChallenge/Info.plist;
				INFOPLIST_KEY_UIApplicationSceneManifest_Generation = YES;
				INFOPLIST_KEY_UIApplicationSupportsIndirectInputEvents = YES;
				INFOPLIST_KEY_UILaunchScreen_Generation = YES;
				INFOPLIST_KEY_UISupportedInterfaceOrientations = UIInterfaceOrientationPortrait;
				INFOPLIST_KEY_UISupportedInterfaceOrientations_iPad = "UIInterfaceOrientationPortrait UIInterfaceOrientationPortraitUpsideDown UIInterfaceOrientationLandscapeLeft UIInterfaceOrientationLandscapeRight";
				INFOPLIST_KEY_UISupportedInterfaceOrientations_iPhone = "UIInterfaceOrientationPortrait UIInterfaceOrientationLandscapeLeft UIInterfaceOrientationLandscapeRight";
				LD_RUNPATH_SEARCH_PATHS = (
					"$(inherited)",
					"@executable_path/Frameworks",
				);
				MARKETING_VERSION = 1.0;
				PRODUCT_BUNDLE_IDENTIFIER = com.mlb.StarzPlayCodeChallenge;
				PRODUCT_NAME = "$(TARGET_NAME)";
				SWIFT_EMIT_LOC_STRINGS = YES;
				SWIFT_VERSION = 5.0;
				TARGETED_DEVICE_FAMILY = 1;
			};
			name = Debug;
		};
		7A16581528CA1E9A004EDE42 /* Release */ = {
			isa = XCBuildConfiguration;
			buildSettings = {
				ASSETCATALOG_COMPILER_APPICON_NAME = AppIcon;
				ASSETCATALOG_COMPILER_GLOBAL_ACCENT_COLOR_NAME = AccentColor;
				CODE_SIGN_STYLE = Automatic;
				CURRENT_PROJECT_VERSION = 1;
				DEVELOPMENT_ASSET_PATHS = "\"StarzPlayCodeChallenge/Preview Content\"";
				DEVELOPMENT_TEAM = 5SXPZ2ZD2X;
				ENABLE_PREVIEWS = YES;
				GENERATE_INFOPLIST_FILE = YES;
				INFOPLIST_FILE = StarzPlayCodeChallenge/Info.plist;
				INFOPLIST_KEY_UIApplicationSceneManifest_Generation = YES;
				INFOPLIST_KEY_UIApplicationSupportsIndirectInputEvents = YES;
				INFOPLIST_KEY_UILaunchScreen_Generation = YES;
				INFOPLIST_KEY_UISupportedInterfaceOrientations = UIInterfaceOrientationPortrait;
				INFOPLIST_KEY_UISupportedInterfaceOrientations_iPad = "UIInterfaceOrientationPortrait UIInterfaceOrientationPortraitUpsideDown UIInterfaceOrientationLandscapeLeft UIInterfaceOrientationLandscapeRight";
				INFOPLIST_KEY_UISupportedInterfaceOrientations_iPhone = "UIInterfaceOrientationPortrait UIInterfaceOrientationLandscapeLeft UIInterfaceOrientationLandscapeRight";
				LD_RUNPATH_SEARCH_PATHS = (
					"$(inherited)",
					"@executable_path/Frameworks",
				);
				MARKETING_VERSION = 1.0;
				PRODUCT_BUNDLE_IDENTIFIER = com.mlb.StarzPlayCodeChallenge;
				PRODUCT_NAME = "$(TARGET_NAME)";
				SWIFT_EMIT_LOC_STRINGS = YES;
				SWIFT_VERSION = 5.0;
				TARGETED_DEVICE_FAMILY = 1;
			};
			name = Release;
		};
		7A16581728CA1E9A004EDE42 /* Debug */ = {
			isa = XCBuildConfiguration;
			buildSettings = {
				ALWAYS_EMBED_SWIFT_STANDARD_LIBRARIES = YES;
				BUNDLE_LOADER = "$(TEST_HOST)";
				CODE_SIGN_STYLE = Automatic;
				CURRENT_PROJECT_VERSION = 1;
				DEVELOPMENT_TEAM = 5SXPZ2ZD2X;
				GENERATE_INFOPLIST_FILE = YES;
				IPHONEOS_DEPLOYMENT_TARGET = 15.4;
				MARKETING_VERSION = 1.0;
				PRODUCT_BUNDLE_IDENTIFIER = com.mlb.StarzPlayCodeChallengeTests;
				PRODUCT_NAME = "$(TARGET_NAME)";
				SWIFT_EMIT_LOC_STRINGS = NO;
				SWIFT_VERSION = 5.0;
				TARGETED_DEVICE_FAMILY = "1,2";
				TEST_HOST = "$(BUILT_PRODUCTS_DIR)/StarzPlayCodeChallenge.app/StarzPlayCodeChallenge";
			};
			name = Debug;
		};
		7A16581828CA1E9A004EDE42 /* Release */ = {
			isa = XCBuildConfiguration;
			buildSettings = {
				ALWAYS_EMBED_SWIFT_STANDARD_LIBRARIES = YES;
				BUNDLE_LOADER = "$(TEST_HOST)";
				CODE_SIGN_STYLE = Automatic;
				CURRENT_PROJECT_VERSION = 1;
				DEVELOPMENT_TEAM = 5SXPZ2ZD2X;
				GENERATE_INFOPLIST_FILE = YES;
				IPHONEOS_DEPLOYMENT_TARGET = 15.4;
				MARKETING_VERSION = 1.0;
				PRODUCT_BUNDLE_IDENTIFIER = com.mlb.StarzPlayCodeChallengeTests;
				PRODUCT_NAME = "$(TARGET_NAME)";
				SWIFT_EMIT_LOC_STRINGS = NO;
				SWIFT_VERSION = 5.0;
				TARGETED_DEVICE_FAMILY = "1,2";
				TEST_HOST = "$(BUILT_PRODUCTS_DIR)/StarzPlayCodeChallenge.app/StarzPlayCodeChallenge";
			};
			name = Release;
		};
		7A16581A28CA1E9A004EDE42 /* Debug */ = {
			isa = XCBuildConfiguration;
			buildSettings = {
				ALWAYS_EMBED_SWIFT_STANDARD_LIBRARIES = YES;
				CODE_SIGN_STYLE = Automatic;
				CURRENT_PROJECT_VERSION = 1;
				DEVELOPMENT_TEAM = 5SXPZ2ZD2X;
				GENERATE_INFOPLIST_FILE = YES;
				MARKETING_VERSION = 1.0;
				PRODUCT_BUNDLE_IDENTIFIER = com.mlb.StarzPlayCodeChallengeUITests;
				PRODUCT_NAME = "$(TARGET_NAME)";
				SWIFT_EMIT_LOC_STRINGS = NO;
				SWIFT_VERSION = 5.0;
				TARGETED_DEVICE_FAMILY = "1,2";
				TEST_TARGET_NAME = StarzPlayCodeChallenge;
			};
			name = Debug;
		};
		7A16581B28CA1E9A004EDE42 /* Release */ = {
			isa = XCBuildConfiguration;
			buildSettings = {
				ALWAYS_EMBED_SWIFT_STANDARD_LIBRARIES = YES;
				CODE_SIGN_STYLE = Automatic;
				CURRENT_PROJECT_VERSION = 1;
				DEVELOPMENT_TEAM = 5SXPZ2ZD2X;
				GENERATE_INFOPLIST_FILE = YES;
				MARKETING_VERSION = 1.0;
				PRODUCT_BUNDLE_IDENTIFIER = com.mlb.StarzPlayCodeChallengeUITests;
				PRODUCT_NAME = "$(TARGET_NAME)";
				SWIFT_EMIT_LOC_STRINGS = NO;
				SWIFT_VERSION = 5.0;
				TARGETED_DEVICE_FAMILY = "1,2";
				TEST_TARGET_NAME = StarzPlayCodeChallenge;
			};
			name = Release;
		};
/* End XCBuildConfiguration section */

/* Begin XCConfigurationList section */
		7A1657EA28CA1E96004EDE42 /* Build configuration list for PBXProject "StarzPlayCodeChallenge" */ = {
			isa = XCConfigurationList;
			buildConfigurations = (
				7A16581128CA1E9A004EDE42 /* Debug */,
				7A16581228CA1E9A004EDE42 /* Release */,
			);
			defaultConfigurationIsVisible = 0;
			defaultConfigurationName = Release;
		};
		7A16581328CA1E9A004EDE42 /* Build configuration list for PBXNativeTarget "StarzPlayCodeChallenge" */ = {
			isa = XCConfigurationList;
			buildConfigurations = (
				7A16581428CA1E9A004EDE42 /* Debug */,
				7A16581528CA1E9A004EDE42 /* Release */,
			);
			defaultConfigurationIsVisible = 0;
			defaultConfigurationName = Release;
		};
		7A16581628CA1E9A004EDE42 /* Build configuration list for PBXNativeTarget "StarzPlayCodeChallengeTests" */ = {
			isa = XCConfigurationList;
			buildConfigurations = (
				7A16581728CA1E9A004EDE42 /* Debug */,
				7A16581828CA1E9A004EDE42 /* Release */,
			);
			defaultConfigurationIsVisible = 0;
			defaultConfigurationName = Release;
		};
		7A16581928CA1E9A004EDE42 /* Build configuration list for PBXNativeTarget "StarzPlayCodeChallengeUITests" */ = {
			isa = XCConfigurationList;
			buildConfigurations = (
				7A16581A28CA1E9A004EDE42 /* Debug */,
				7A16581B28CA1E9A004EDE42 /* Release */,
			);
			defaultConfigurationIsVisible = 0;
			defaultConfigurationName = Release;
		};
/* End XCConfigurationList section */
	};
	rootObject = 7A1657E728CA1E96004EDE42 /* Project object */;
}
