// !$*UTF8*$!
{
	archiveVersion = 1;
	classes = {
	};
	objectVersion = 55;
	objects = {

/* Begin PBXBuildFile section */
		7A1657F328CA1E97004EDE42 /* StarzPlayCodeChallengeApp.swift in Sources */ = {isa = PBXBuildFile; fileRef = 7A1657F228CA1E97004EDE42 /* StarzPlayCodeChallengeApp.swift */; };
		7A1657F528CA1E97004EDE42 /* ContentView.swift in Sources */ = {isa = PBXBuildFile; fileRef = 7A1657F428CA1E97004EDE42 /* ContentView.swift */; };
		7A1657F728CA1E9A004EDE42 /* Assets.xcassets in Resources */ = {isa = PBXBuildFile; fileRef = 7A1657F628CA1E9A004EDE42 /* Assets.xcassets */; };
		7A1657FA28CA1E9A004EDE42 /* Preview Assets.xcassets in Resources */ = {isa = PBXBuildFile; fileRef = 7A1657F928CA1E9A004EDE42 /* Preview Assets.xcassets */; };
		7A16582028CA22D0004EDE42 /* NavbarHiddenView.swift in Sources */ = {isa = PBXBuildFile; fileRef = 7A16581F28CA22D0004EDE42 /* NavbarHiddenView.swift */; };
		7A16582328CA2365004EDE42 /* DetailView.swift in Sources */ = {isa = PBXBuildFile; fileRef = 7A16582228CA2365004EDE42 /* DetailView.swift */; };
		7A16582628CA26F2004EDE42 /* Constant.swift in Sources */ = {isa = PBXBuildFile; fileRef = 7A16582528CA26F2004EDE42 /* Constant.swift */; };
		7A16582828CA34D5004EDE42 /* GradientImageView.swift in Sources */ = {isa = PBXBuildFile; fileRef = 7A16582728CA34D5004EDE42 /* GradientImageView.swift */; };
		7A16582B28CA4724004EDE42 /* Extension.swift in Sources */ = {isa = PBXBuildFile; fileRef = 7A16582A28CA4724004EDE42 /* Extension.swift */; };
		7A16582E28CA5CAB004EDE42 /* PlayButton.swift in Sources */ = {isa = PBXBuildFile; fileRef = 7A16582D28CA5CAB004EDE42 /* PlayButton.swift */; };
		7A16583128CA60F6004EDE42 /* TrailerButton.swift in Sources */ = {isa = PBXBuildFile; fileRef = 7A16583028CA60F6004EDE42 /* TrailerButton.swift */; };
		7A16583428CA6A19004EDE42 /* ExpandableView.swift in Sources */ = {isa = PBXBuildFile; fileRef = 7A16583328CA6A19004EDE42 /* ExpandableView.swift */; };
		7A16583728CA6F8D004EDE42 /* RoundedButton.swift in Sources */ = {isa = PBXBuildFile; fileRef = 7A16583628CA6F8D004EDE42 /* RoundedButton.swift */; };
		7A16583A28CB0325004EDE42 /* SeasonGridView.swift in Sources */ = {isa = PBXBuildFile; fileRef = 7A16583928CB0325004EDE42 /* SeasonGridView.swift */; };
		7A16583F28CB1D3D004EDE42 /* Season.swift in Sources */ = {isa = PBXBuildFile; fileRef = 7A16583E28CB1D3D004EDE42 /* Season.swift */; };
		7A16584228CB1D59004EDE42 /* SeasonGridVM.swift in Sources */ = {isa = PBXBuildFile; fileRef = 7A16584128CB1D59004EDE42 /* SeasonGridVM.swift */; };
		7A16584528CB3A20004EDE42 /* EpisodeCell.swift in Sources */ = {isa = PBXBuildFile; fileRef = 7A16584428CB3A20004EDE42 /* EpisodeCell.swift */; };
		7A16584B28CB59AA004EDE42 /* EndPoint+AppURl.swift in Sources */ = {isa = PBXBuildFile; fileRef = 7A16584A28CB59AA004EDE42 /* EndPoint+AppURl.swift */; };
		7A16585828CB6A06004EDE42 /* SeasonEndPoint.swift in Sources */ = {isa = PBXBuildFile; fileRef = 7A16585728CB6A06004EDE42 /* SeasonEndPoint.swift */; };
		7A16585C28CB6A82004EDE42 /* EpisodeService.swift in Sources */ = {isa = PBXBuildFile; fileRef = 7A16585B28CB6A82004EDE42 /* EpisodeService.swift */; };
		7A16585F28CB7938004EDE42 /* TvDetailModel.swift in Sources */ = {isa = PBXBuildFile; fileRef = 7A16585E28CB7938004EDE42 /* TvDetailModel.swift */; };
		7A16586228CB7FA6004EDE42 /* GenricModel.swift in Sources */ = {isa = PBXBuildFile; fileRef = 7A16586128CB7FA6004EDE42 /* GenricModel.swift */; };
		7A3B5D6728CF971900C54383 /* AppInstantiationFactory.swift in Sources */ = {isa = PBXBuildFile; fileRef = 7A3B5D6628CF971900C54383 /* AppInstantiationFactory.swift */; };
		7A551FD828CB8F5700B8F9BD /* DetailVM.swift in Sources */ = {isa = PBXBuildFile; fileRef = 7A551FD728CB8F5700B8F9BD /* DetailVM.swift */; };
		7A551FDE28CC617100B8F9BD /* Episode.swift in Sources */ = {isa = PBXBuildFile; fileRef = 7A551FDD28CC617100B8F9BD /* Episode.swift */; };
		7A551FED28CCD34800B8F9BD /* PlayerView.swift in Sources */ = {isa = PBXBuildFile; fileRef = 7A551FEC28CCD34800B8F9BD /* PlayerView.swift */; };
		7A551FEF28CCD39F00B8F9BD /* VideoPlayerView.swift in Sources */ = {isa = PBXBuildFile; fileRef = 7A551FEE28CCD39F00B8F9BD /* VideoPlayerView.swift */; };
		7A551FF128CCD40700B8F9BD /* ControlView.swift in Sources */ = {isa = PBXBuildFile; fileRef = 7A551FF028CCD40700B8F9BD /* ControlView.swift */; };
		7A551FF328CCD46400B8F9BD /* CustomProgressBar.swift in Sources */ = {isa = PBXBuildFile; fileRef = 7A551FF228CCD46400B8F9BD /* CustomProgressBar.swift */; };
		7A55200228CCF73300B8F9BD /* RequestApiTests.swift in Sources */ = {isa = PBXBuildFile; fileRef = 7A55200128CCF73300B8F9BD /* RequestApiTests.swift */; };
		7A55200528CCF84F00B8F9BD /* tv_detail_response.json in Resources */ = {isa = PBXBuildFile; fileRef = 7A55200428CCF84F00B8F9BD /* tv_detail_response.json */; };
		7A55200728CCF88200B8F9BD /* season_detail_response.json in Resources */ = {isa = PBXBuildFile; fileRef = 7A55200628CCF88200B8F9BD /* season_detail_response.json */; };
		7A55200928CCF89000B8F9BD /* Mockable.swift in Sources */ = {isa = PBXBuildFile; fileRef = 7A55200828CCF89000B8F9BD /* Mockable.swift */; };
		7A55200B28CD0ADB00B8F9BD /* TvDetailVmTest.swift in Sources */ = {isa = PBXBuildFile; fileRef = 7A55200A28CD0ADA00B8F9BD /* TvDetailVmTest.swift */; };
		7A7FDBE828CDE94200F6C6C4 /* SeasonVmTest.swift in Sources */ = {isa = PBXBuildFile; fileRef = 7A7FDBE728CDE94200F6C6C4 /* SeasonVmTest.swift */; };
		7A7FDBEA28CDEF7500F6C6C4 /* ModelsHelper.swift in Sources */ = {isa = PBXBuildFile; fileRef = 7A7FDBE928CDEF7500F6C6C4 /* ModelsHelper.swift */; };
		7A82816528CE2DD80087C88D /* AsyncImageView.swift in Sources */ = {isa = PBXBuildFile; fileRef = 7A82816428CE2DD80087C88D /* AsyncImageView.swift */; };
		7A82816728CEF7A10087C88D /* VideoPlayerTest.swift in Sources */ = {isa = PBXBuildFile; fileRef = 7A82816628CEF7A10087C88D /* VideoPlayerTest.swift */; };
		7A82817228CF51250087C88D /* MyApiLibrary in Frameworks */ = {isa = PBXBuildFile; productRef = 7A82817128CF51250087C88D /* MyApiLibrary */; };
		8032E4852A58296600FC1089 /* SeasonGridCell.swift in Sources */ = {isa = PBXBuildFile; fileRef = 8032E4842A58296600FC1089 /* SeasonGridCell.swift */; };
		8032E4872A582E4900FC1089 /* LoadingIndicatorView.swift in Sources */ = {isa = PBXBuildFile; fileRef = 8032E4862A582E4900FC1089 /* LoadingIndicatorView.swift */; };
		8032E4892A58355C00FC1089 /* CustomButton.swift in Sources */ = {isa = PBXBuildFile; fileRef = 8032E4882A58355C00FC1089 /* CustomButton.swift */; };
		8032E48D2A5D517C00FC1089 /* Media.swift in Sources */ = {isa = PBXBuildFile; fileRef = 8032E48C2A5D517C00FC1089 /* Media.swift */; };
		8032E4902A5D520F00FC1089 /* MediaEndpoint.swift in Sources */ = {isa = PBXBuildFile; fileRef = 8032E48F2A5D520F00FC1089 /* MediaEndpoint.swift */; };
		8032E4932A5D5EB500FC1089 /* HomeView.swift in Sources */ = {isa = PBXBuildFile; fileRef = 8032E4922A5D5EB500FC1089 /* HomeView.swift */; };
		8032E4972A5D98A300FC1089 /* HomeViewModel.swift in Sources */ = {isa = PBXBuildFile; fileRef = 8032E4962A5D98A300FC1089 /* HomeViewModel.swift */; };
		8069BFE22A72A00F0053507A /* Helper.swift in Sources */ = {isa = PBXBuildFile; fileRef = 8069BFE12A72A00F0053507A /* Helper.swift */; };
		80A1B7452A69C45D001FBE4C /* MovieDetailModel.swift in Sources */ = {isa = PBXBuildFile; fileRef = 80A1B7442A69C45D001FBE4C /* MovieDetailModel.swift */; };
		80A1B7482A69C544001FBE4C /* MediaService.swift in Sources */ = {isa = PBXBuildFile; fileRef = 80A1B7472A69C544001FBE4C /* MediaService.swift */; };
		80A1B74A2A69C570001FBE4C /* MediaDetailService.swift in Sources */ = {isa = PBXBuildFile; fileRef = 80A1B7492A69C570001FBE4C /* MediaDetailService.swift */; };
		80B99DEE2A5FD3A5002BB4B7 /* MediaEndPointManger.swift in Sources */ = {isa = PBXBuildFile; fileRef = 80B99DED2A5FD3A5002BB4B7 /* MediaEndPointManger.swift */; };
		80DD4E2E2A65D5510088E60A /* PosterView.swift in Sources */ = {isa = PBXBuildFile; fileRef = 80DD4E2D2A65D5510088E60A /* PosterView.swift */; };
		80DD4E302A65D57E0088E60A /* PosterRowView.swift in Sources */ = {isa = PBXBuildFile; fileRef = 80DD4E2F2A65D57E0088E60A /* PosterRowView.swift */; };
		80DD4E332A65D5DB0088E60A /* TVShows.swift in Sources */ = {isa = PBXBuildFile; fileRef = 80DD4E322A65D5DB0088E60A /* TVShows.swift */; };
		80DD4E352A65D6060088E60A /* Movie.swift in Sources */ = {isa = PBXBuildFile; fileRef = 80DD4E342A65D6060088E60A /* Movie.swift */; };
		80DD4E392A671D830088E60A /* MediaDetailEndPoint.swift in Sources */ = {isa = PBXBuildFile; fileRef = 80DD4E382A671D830088E60A /* MediaDetailEndPoint.swift */; };
/* End PBXBuildFile section */

/* Begin PBXContainerItemProxy section */
		7A551FFC28CCF70100B8F9BD /* PBXContainerItemProxy */ = {
			isa = PBXContainerItemProxy;
			containerPortal = 7A1657E728CA1E96004EDE42 /* Project object */;
			proxyType = 1;
			remoteGlobalIDString = 7A1657EE28CA1E96004EDE42;
			remoteInfo = StarzPlayCodeChallenge;
		};
/* End PBXContainerItemProxy section */

/* Begin PBXFileReference section */
		7A1657EF28CA1E96004EDE42 /* StarzPlayCodeChallenge.app */ = {isa = PBXFileReference; explicitFileType = wrapper.application; includeInIndex = 0; path = StarzPlayCodeChallenge.app; sourceTree = BUILT_PRODUCTS_DIR; };
		7A1657F228CA1E97004EDE42 /* StarzPlayCodeChallengeApp.swift */ = {isa = PBXFileReference; lastKnownFileType = sourcecode.swift; path = StarzPlayCodeChallengeApp.swift; sourceTree = "<group>"; };
		7A1657F428CA1E97004EDE42 /* ContentView.swift */ = {isa = PBXFileReference; lastKnownFileType = sourcecode.swift; path = ContentView.swift; sourceTree = "<group>"; };
		7A1657F628CA1E9A004EDE42 /* Assets.xcassets */ = {isa = PBXFileReference; lastKnownFileType = folder.assetcatalog; path = Assets.xcassets; sourceTree = "<group>"; };
		7A1657F928CA1E9A004EDE42 /* Preview Assets.xcassets */ = {isa = PBXFileReference; lastKnownFileType = folder.assetcatalog; path = "Preview Assets.xcassets"; sourceTree = "<group>"; };
		7A16581F28CA22D0004EDE42 /* NavbarHiddenView.swift */ = {isa = PBXFileReference; lastKnownFileType = sourcecode.swift; path = NavbarHiddenView.swift; sourceTree = "<group>"; };
		7A16582228CA2365004EDE42 /* DetailView.swift */ = {isa = PBXFileReference; lastKnownFileType = sourcecode.swift; path = DetailView.swift; sourceTree = "<group>"; };
		7A16582528CA26F2004EDE42 /* Constant.swift */ = {isa = PBXFileReference; lastKnownFileType = sourcecode.swift; path = Constant.swift; sourceTree = "<group>"; };
		7A16582728CA34D5004EDE42 /* GradientImageView.swift */ = {isa = PBXFileReference; lastKnownFileType = sourcecode.swift; path = GradientImageView.swift; sourceTree = "<group>"; };
		7A16582A28CA4724004EDE42 /* Extension.swift */ = {isa = PBXFileReference; lastKnownFileType = sourcecode.swift; path = Extension.swift; sourceTree = "<group>"; };
		7A16582D28CA5CAB004EDE42 /* PlayButton.swift */ = {isa = PBXFileReference; lastKnownFileType = sourcecode.swift; path = PlayButton.swift; sourceTree = "<group>"; };
		7A16583028CA60F6004EDE42 /* TrailerButton.swift */ = {isa = PBXFileReference; lastKnownFileType = sourcecode.swift; path = TrailerButton.swift; sourceTree = "<group>"; };
		7A16583328CA6A19004EDE42 /* ExpandableView.swift */ = {isa = PBXFileReference; lastKnownFileType = sourcecode.swift; path = ExpandableView.swift; sourceTree = "<group>"; };
		7A16583628CA6F8D004EDE42 /* RoundedButton.swift */ = {isa = PBXFileReference; lastKnownFileType = sourcecode.swift; path = RoundedButton.swift; sourceTree = "<group>"; };
		7A16583928CB0325004EDE42 /* SeasonGridView.swift */ = {isa = PBXFileReference; lastKnownFileType = sourcecode.swift; path = SeasonGridView.swift; sourceTree = "<group>"; };
		7A16583E28CB1D3D004EDE42 /* Season.swift */ = {isa = PBXFileReference; lastKnownFileType = sourcecode.swift; path = Season.swift; sourceTree = "<group>"; };
		7A16584128CB1D59004EDE42 /* SeasonGridVM.swift */ = {isa = PBXFileReference; lastKnownFileType = sourcecode.swift; path = SeasonGridVM.swift; sourceTree = "<group>"; };
		7A16584428CB3A20004EDE42 /* EpisodeCell.swift */ = {isa = PBXFileReference; lastKnownFileType = sourcecode.swift; path = EpisodeCell.swift; sourceTree = "<group>"; };
		7A16584A28CB59AA004EDE42 /* EndPoint+AppURl.swift */ = {isa = PBXFileReference; lastKnownFileType = sourcecode.swift; path = "EndPoint+AppURl.swift"; sourceTree = "<group>"; };
		7A16585728CB6A06004EDE42 /* SeasonEndPoint.swift */ = {isa = PBXFileReference; lastKnownFileType = sourcecode.swift; path = SeasonEndPoint.swift; sourceTree = "<group>"; };
		7A16585B28CB6A82004EDE42 /* EpisodeService.swift */ = {isa = PBXFileReference; lastKnownFileType = sourcecode.swift; path = EpisodeService.swift; sourceTree = "<group>"; };
		7A16585E28CB7938004EDE42 /* TvDetailModel.swift */ = {isa = PBXFileReference; lastKnownFileType = sourcecode.swift; path = TvDetailModel.swift; sourceTree = "<group>"; };
		7A16586128CB7FA6004EDE42 /* GenricModel.swift */ = {isa = PBXFileReference; lastKnownFileType = sourcecode.swift; path = GenricModel.swift; sourceTree = "<group>"; };
		7A3B5D6628CF971900C54383 /* AppInstantiationFactory.swift */ = {isa = PBXFileReference; lastKnownFileType = sourcecode.swift; path = AppInstantiationFactory.swift; sourceTree = "<group>"; };
		7A551FD728CB8F5700B8F9BD /* DetailVM.swift */ = {isa = PBXFileReference; lastKnownFileType = sourcecode.swift; path = DetailVM.swift; sourceTree = "<group>"; };
		7A551FDB28CBB4F800B8F9BD /* Info.plist */ = {isa = PBXFileReference; lastKnownFileType = text.plist; path = Info.plist; sourceTree = "<group>"; };
		7A551FDD28CC617100B8F9BD /* Episode.swift */ = {isa = PBXFileReference; lastKnownFileType = sourcecode.swift; path = Episode.swift; sourceTree = "<group>"; };
		7A551FEC28CCD34800B8F9BD /* PlayerView.swift */ = {isa = PBXFileReference; lastKnownFileType = sourcecode.swift; path = PlayerView.swift; sourceTree = "<group>"; };
		7A551FEE28CCD39F00B8F9BD /* VideoPlayerView.swift */ = {isa = PBXFileReference; fileEncoding = 4; lastKnownFileType = sourcecode.swift; path = VideoPlayerView.swift; sourceTree = "<group>"; };
		7A551FF028CCD40700B8F9BD /* ControlView.swift */ = {isa = PBXFileReference; lastKnownFileType = sourcecode.swift; path = ControlView.swift; sourceTree = "<group>"; };
		7A551FF228CCD46400B8F9BD /* CustomProgressBar.swift */ = {isa = PBXFileReference; lastKnownFileType = sourcecode.swift; path = CustomProgressBar.swift; sourceTree = "<group>"; };
		7A551FF828CCF70100B8F9BD /* StarzPlayCodeChallengeTests.xctest */ = {isa = PBXFileReference; explicitFileType = wrapper.cfbundle; includeInIndex = 0; path = StarzPlayCodeChallengeTests.xctest; sourceTree = BUILT_PRODUCTS_DIR; };
		7A55200128CCF73300B8F9BD /* RequestApiTests.swift */ = {isa = PBXFileReference; lastKnownFileType = sourcecode.swift; path = RequestApiTests.swift; sourceTree = "<group>"; };
		7A55200428CCF84F00B8F9BD /* tv_detail_response.json */ = {isa = PBXFileReference; fileEncoding = 4; lastKnownFileType = text.json; path = tv_detail_response.json; sourceTree = "<group>"; };
		7A55200628CCF88200B8F9BD /* season_detail_response.json */ = {isa = PBXFileReference; fileEncoding = 4; lastKnownFileType = text.json; path = season_detail_response.json; sourceTree = "<group>"; };
		7A55200828CCF89000B8F9BD /* Mockable.swift */ = {isa = PBXFileReference; lastKnownFileType = sourcecode.swift; path = Mockable.swift; sourceTree = "<group>"; };
		7A55200A28CD0ADA00B8F9BD /* TvDetailVmTest.swift */ = {isa = PBXFileReference; lastKnownFileType = sourcecode.swift; path = TvDetailVmTest.swift; sourceTree = "<group>"; };
		7A7FDBE728CDE94200F6C6C4 /* SeasonVmTest.swift */ = {isa = PBXFileReference; lastKnownFileType = sourcecode.swift; path = SeasonVmTest.swift; sourceTree = "<group>"; };
		7A7FDBE928CDEF7500F6C6C4 /* ModelsHelper.swift */ = {isa = PBXFileReference; lastKnownFileType = sourcecode.swift; path = ModelsHelper.swift; sourceTree = "<group>"; };
		7A82816428CE2DD80087C88D /* AsyncImageView.swift */ = {isa = PBXFileReference; lastKnownFileType = sourcecode.swift; path = AsyncImageView.swift; sourceTree = "<group>"; };
		7A82816628CEF7A10087C88D /* VideoPlayerTest.swift */ = {isa = PBXFileReference; lastKnownFileType = sourcecode.swift; path = VideoPlayerTest.swift; sourceTree = "<group>"; };
		8032E4842A58296600FC1089 /* SeasonGridCell.swift */ = {isa = PBXFileReference; lastKnownFileType = sourcecode.swift; path = SeasonGridCell.swift; sourceTree = "<group>"; };
		8032E4862A582E4900FC1089 /* LoadingIndicatorView.swift */ = {isa = PBXFileReference; lastKnownFileType = sourcecode.swift; path = LoadingIndicatorView.swift; sourceTree = "<group>"; };
		8032E4882A58355C00FC1089 /* CustomButton.swift */ = {isa = PBXFileReference; lastKnownFileType = sourcecode.swift; path = CustomButton.swift; sourceTree = "<group>"; };
		8032E48A2A5C47AF00FC1089 /* StarzPlayCodeChallenge.xctestplan */ = {isa = PBXFileReference; lastKnownFileType = text; path = StarzPlayCodeChallenge.xctestplan; sourceTree = "<group>"; };
		8032E48C2A5D517C00FC1089 /* Media.swift */ = {isa = PBXFileReference; lastKnownFileType = sourcecode.swift; path = Media.swift; sourceTree = "<group>"; };
		8032E48F2A5D520F00FC1089 /* MediaEndpoint.swift */ = {isa = PBXFileReference; lastKnownFileType = sourcecode.swift; path = MediaEndpoint.swift; sourceTree = "<group>"; };
		8032E4922A5D5EB500FC1089 /* HomeView.swift */ = {isa = PBXFileReference; lastKnownFileType = sourcecode.swift; path = HomeView.swift; sourceTree = "<group>"; };
		8032E4962A5D98A300FC1089 /* HomeViewModel.swift */ = {isa = PBXFileReference; lastKnownFileType = sourcecode.swift; path = HomeViewModel.swift; sourceTree = "<group>"; };
		8069BFE12A72A00F0053507A /* Helper.swift */ = {isa = PBXFileReference; lastKnownFileType = sourcecode.swift; path = Helper.swift; sourceTree = "<group>"; };
		80A1B7442A69C45D001FBE4C /* MovieDetailModel.swift */ = {isa = PBXFileReference; lastKnownFileType = sourcecode.swift; path = MovieDetailModel.swift; sourceTree = "<group>"; };
		80A1B7472A69C544001FBE4C /* MediaService.swift */ = {isa = PBXFileReference; lastKnownFileType = sourcecode.swift; path = MediaService.swift; sourceTree = "<group>"; };
		80A1B7492A69C570001FBE4C /* MediaDetailService.swift */ = {isa = PBXFileReference; lastKnownFileType = sourcecode.swift; path = MediaDetailService.swift; sourceTree = "<group>"; };
		80B99DED2A5FD3A5002BB4B7 /* MediaEndPointManger.swift */ = {isa = PBXFileReference; lastKnownFileType = sourcecode.swift; path = MediaEndPointManger.swift; sourceTree = "<group>"; };
		80DD4E2D2A65D5510088E60A /* PosterView.swift */ = {isa = PBXFileReference; lastKnownFileType = sourcecode.swift; path = PosterView.swift; sourceTree = "<group>"; };
		80DD4E2F2A65D57E0088E60A /* PosterRowView.swift */ = {isa = PBXFileReference; lastKnownFileType = sourcecode.swift; path = PosterRowView.swift; sourceTree = "<group>"; };
		80DD4E322A65D5DB0088E60A /* TVShows.swift */ = {isa = PBXFileReference; lastKnownFileType = sourcecode.swift; path = TVShows.swift; sourceTree = "<group>"; };
		80DD4E342A65D6060088E60A /* Movie.swift */ = {isa = PBXFileReference; lastKnownFileType = sourcecode.swift; path = Movie.swift; sourceTree = "<group>"; };
		80DD4E382A671D830088E60A /* MediaDetailEndPoint.swift */ = {isa = PBXFileReference; lastKnownFileType = sourcecode.swift; path = MediaDetailEndPoint.swift; sourceTree = "<group>"; };
/* End PBXFileReference section */

/* Begin PBXFrameworksBuildPhase section */
		7A1657EC28CA1E96004EDE42 /* Frameworks */ = {
			isa = PBXFrameworksBuildPhase;
			buildActionMask = 2147483647;
			files = (
				7A82817228CF51250087C88D /* MyApiLibrary in Frameworks */,
			);
			runOnlyForDeploymentPostprocessing = 0;
		};
		7A551FF528CCF70100B8F9BD /* Frameworks */ = {
			isa = PBXFrameworksBuildPhase;
			buildActionMask = 2147483647;
			files = (
			);
			runOnlyForDeploymentPostprocessing = 0;
		};
/* End PBXFrameworksBuildPhase section */

/* Begin PBXGroup section */
		7A1657E628CA1E96004EDE42 = {
			isa = PBXGroup;
			children = (
				8032E48A2A5C47AF00FC1089 /* StarzPlayCodeChallenge.xctestplan */,
				7A1657F128CA1E96004EDE42 /* StarzPlayCodeChallenge */,
				7A1657F628CA1E9A004EDE42 /* Assets.xcassets */,
				7A551FF928CCF70100B8F9BD /* StarzPlayCodeChallengeTests */,
				7A1657F028CA1E96004EDE42 /* Products */,
			);
			sourceTree = "<group>";
		};
		7A1657F028CA1E96004EDE42 /* Products */ = {
			isa = PBXGroup;
			children = (
				7A1657EF28CA1E96004EDE42 /* StarzPlayCodeChallenge.app */,
				7A551FF828CCF70100B8F9BD /* StarzPlayCodeChallengeTests.xctest */,
			);
			name = Products;
			sourceTree = "<group>";
		};
		7A1657F128CA1E96004EDE42 /* StarzPlayCodeChallenge */ = {
			isa = PBXGroup;
			children = (
				7A551FDB28CBB4F800B8F9BD /* Info.plist */,
				7A16581D28CA225C004EDE42 /* Views */,
				7A16583D28CB1D1F004EDE42 /* ViewModel */,
				7A16583C28CB1D0F004EDE42 /* Model */,
				7A16584828CB5746004EDE42 /* Network */,
				80A1B7462A69C520001FBE4C /* Services */,
				80B99DEC2A5FD391002BB4B7 /* Manager */,
				7A16582428CA26C0004EDE42 /* Utility */,
				7A3B5D6528CF96DE00C54383 /* MainAppFactory */,
				7A16581C28CA20AD004EDE42 /* AppMain */,
				7A1657F828CA1E9A004EDE42 /* Preview Content */,
			);
			path = StarzPlayCodeChallenge;
			sourceTree = "<group>";
		};
		7A1657F828CA1E9A004EDE42 /* Preview Content */ = {
			isa = PBXGroup;
			children = (
				7A1657F928CA1E9A004EDE42 /* Preview Assets.xcassets */,
			);
			path = "Preview Content";
			sourceTree = "<group>";
		};
		7A16581C28CA20AD004EDE42 /* AppMain */ = {
			isa = PBXGroup;
			children = (
				7A1657F228CA1E97004EDE42 /* StarzPlayCodeChallengeApp.swift */,
				7A1657F428CA1E97004EDE42 /* ContentView.swift */,
			);
			path = AppMain;
			sourceTree = "<group>";
		};
		7A16581D28CA225C004EDE42 /* Views */ = {
			isa = PBXGroup;
			children = (
				8032E48B2A5D509B00FC1089 /* HomeView */,
				7A16582128CA2316004EDE42 /* TVDetailViews */,
				7A551FE128CCC27300B8F9BD /* VideoPlayer */,
				7A16581E28CA22A1004EDE42 /* CustomeViews */,
			);
			path = Views;
			sourceTree = "<group>";
		};
		7A16581E28CA22A1004EDE42 /* CustomeViews */ = {
			isa = PBXGroup;
			children = (
				7A16581F28CA22D0004EDE42 /* NavbarHiddenView.swift */,
				7A82816428CE2DD80087C88D /* AsyncImageView.swift */,
				7A16582728CA34D5004EDE42 /* GradientImageView.swift */,
				7A16583328CA6A19004EDE42 /* ExpandableView.swift */,
				7A16583628CA6F8D004EDE42 /* RoundedButton.swift */,
				8032E4862A582E4900FC1089 /* LoadingIndicatorView.swift */,
				8032E4882A58355C00FC1089 /* CustomButton.swift */,
			);
			path = CustomeViews;
			sourceTree = "<group>";
		};
		7A16582128CA2316004EDE42 /* TVDetailViews */ = {
			isa = PBXGroup;
			children = (
				7A16582228CA2365004EDE42 /* DetailView.swift */,
				7A16583928CB0325004EDE42 /* SeasonGridView.swift */,
				8032E4842A58296600FC1089 /* SeasonGridCell.swift */,
				7A16584428CB3A20004EDE42 /* EpisodeCell.swift */,
				7A16582D28CA5CAB004EDE42 /* PlayButton.swift */,
				7A16583028CA60F6004EDE42 /* TrailerButton.swift */,
			);
			path = TVDetailViews;
			sourceTree = "<group>";
		};
		7A16582428CA26C0004EDE42 /* Utility */ = {
			isa = PBXGroup;
			children = (
				7A16582528CA26F2004EDE42 /* Constant.swift */,
				7A16582A28CA4724004EDE42 /* Extension.swift */,
				8069BFE12A72A00F0053507A /* Helper.swift */,
			);
			path = Utility;
			sourceTree = "<group>";
		};
		7A16583C28CB1D0F004EDE42 /* Model */ = {
			isa = PBXGroup;
			children = (
				7A16586128CB7FA6004EDE42 /* GenricModel.swift */,
				80DD4E312A65D5B80088E60A /* Media */,
				80A1B7432A69C437001FBE4C /* MediaDetail */,
			);
			path = Model;
			sourceTree = "<group>";
		};
		7A16583D28CB1D1F004EDE42 /* ViewModel */ = {
			isa = PBXGroup;
			children = (
				7A16584128CB1D59004EDE42 /* SeasonGridVM.swift */,
				7A551FD728CB8F5700B8F9BD /* DetailVM.swift */,
				8032E4962A5D98A300FC1089 /* HomeViewModel.swift */,
			);
			path = ViewModel;
			sourceTree = "<group>";
		};
		7A16584828CB5746004EDE42 /* Network */ = {
			isa = PBXGroup;
			children = (
				7A16584928CB5916004EDE42 /* Base */,
				8032E48E2A5D51E700FC1089 /* MediaListEndPoint */,
				80DD4E3A2A671DA10088E60A /* MediaDeatilEndPoint */,
				8032E4912A5D526200FC1089 /* SeasonService */,
			);
			path = Network;
			sourceTree = "<group>";
		};
		7A16584928CB5916004EDE42 /* Base */ = {
			isa = PBXGroup;
			children = (
				7A16584A28CB59AA004EDE42 /* EndPoint+AppURl.swift */,
			);
			path = Base;
			sourceTree = "<group>";
		};
		7A3B5D6528CF96DE00C54383 /* MainAppFactory */ = {
			isa = PBXGroup;
			children = (
				7A3B5D6628CF971900C54383 /* AppInstantiationFactory.swift */,
			);
			path = MainAppFactory;
			sourceTree = "<group>";
		};
		7A3B5D6828CFB02D00C54383 /* RequestTest */ = {
			isa = PBXGroup;
			children = (
				7A55200128CCF73300B8F9BD /* RequestApiTests.swift */,
			);
			path = RequestTest;
			sourceTree = "<group>";
		};
		7A3B5D6928CFB03C00C54383 /* ViewModelTest */ = {
			isa = PBXGroup;
			children = (
				7A82816628CEF7A10087C88D /* VideoPlayerTest.swift */,
				7A7FDBE728CDE94200F6C6C4 /* SeasonVmTest.swift */,
				7A55200A28CD0ADA00B8F9BD /* TvDetailVmTest.swift */,
			);
			path = ViewModelTest;
			sourceTree = "<group>";
		};
		7A3B5D6A28CFB05700C54383 /* Helper */ = {
			isa = PBXGroup;
			children = (
				7A55200828CCF89000B8F9BD /* Mockable.swift */,
				7A7FDBE928CDEF7500F6C6C4 /* ModelsHelper.swift */,
			);
			path = Helper;
			sourceTree = "<group>";
		};
		7A551FE128CCC27300B8F9BD /* VideoPlayer */ = {
			isa = PBXGroup;
			children = (
				7A551FEC28CCD34800B8F9BD /* PlayerView.swift */,
				7A551FEE28CCD39F00B8F9BD /* VideoPlayerView.swift */,
				7A551FF028CCD40700B8F9BD /* ControlView.swift */,
				7A551FF228CCD46400B8F9BD /* CustomProgressBar.swift */,
			);
			path = VideoPlayer;
			sourceTree = "<group>";
		};
		7A551FF928CCF70100B8F9BD /* StarzPlayCodeChallengeTests */ = {
			isa = PBXGroup;
			children = (
				7A3B5D6A28CFB05700C54383 /* Helper */,
				7A3B5D6928CFB03C00C54383 /* ViewModelTest */,
				7A3B5D6828CFB02D00C54383 /* RequestTest */,
				7A55200328CCF7D300B8F9BD /* JSON */,
			);
			path = StarzPlayCodeChallengeTests;
			sourceTree = "<group>";
		};
		7A55200328CCF7D300B8F9BD /* JSON */ = {
			isa = PBXGroup;
			children = (
				7A55200428CCF84F00B8F9BD /* tv_detail_response.json */,
				7A55200628CCF88200B8F9BD /* season_detail_response.json */,
			);
			path = JSON;
			sourceTree = "<group>";
		};
		8032E48B2A5D509B00FC1089 /* HomeView */ = {
			isa = PBXGroup;
			children = (
				8032E4922A5D5EB500FC1089 /* HomeView.swift */,
				80DD4E2D2A65D5510088E60A /* PosterView.swift */,
				80DD4E2F2A65D57E0088E60A /* PosterRowView.swift */,
			);
			path = HomeView;
			sourceTree = "<group>";
		};
		8032E48E2A5D51E700FC1089 /* MediaListEndPoint */ = {
			isa = PBXGroup;
			children = (
				8032E48F2A5D520F00FC1089 /* MediaEndpoint.swift */,
			);
			path = MediaListEndPoint;
			sourceTree = "<group>";
		};
		8032E4912A5D526200FC1089 /* SeasonService */ = {
			isa = PBXGroup;
			children = (
				7A16585728CB6A06004EDE42 /* SeasonEndPoint.swift */,
			);
			path = SeasonService;
			sourceTree = "<group>";
		};
		80A1B7432A69C437001FBE4C /* MediaDetail */ = {
			isa = PBXGroup;
			children = (
				7A16585E28CB7938004EDE42 /* TvDetailModel.swift */,
				80A1B7442A69C45D001FBE4C /* MovieDetailModel.swift */,
				7A16583E28CB1D3D004EDE42 /* Season.swift */,
				7A551FDD28CC617100B8F9BD /* Episode.swift */,
			);
			path = MediaDetail;
			sourceTree = "<group>";
		};
		80A1B7462A69C520001FBE4C /* Services */ = {
			isa = PBXGroup;
			children = (
				80A1B7472A69C544001FBE4C /* MediaService.swift */,
				80A1B7492A69C570001FBE4C /* MediaDetailService.swift */,
				7A16585B28CB6A82004EDE42 /* EpisodeService.swift */,
			);
			path = Services;
			sourceTree = "<group>";
		};
		80B99DEC2A5FD391002BB4B7 /* Manager */ = {
			isa = PBXGroup;
			children = (
				80B99DED2A5FD3A5002BB4B7 /* MediaEndPointManger.swift */,
			);
			path = Manager;
			sourceTree = "<group>";
		};
		80DD4E312A65D5B80088E60A /* Media */ = {
			isa = PBXGroup;
			children = (
				8032E48C2A5D517C00FC1089 /* Media.swift */,
				80DD4E322A65D5DB0088E60A /* TVShows.swift */,
				80DD4E342A65D6060088E60A /* Movie.swift */,
			);
			path = Media;
			sourceTree = "<group>";
		};
		80DD4E3A2A671DA10088E60A /* MediaDeatilEndPoint */ = {
			isa = PBXGroup;
			children = (
				80DD4E382A671D830088E60A /* MediaDetailEndPoint.swift */,
			);
			path = MediaDeatilEndPoint;
			sourceTree = "<group>";
		};
/* End PBXGroup section */

/* Begin PBXNativeTarget section */
		7A1657EE28CA1E96004EDE42 /* StarzPlayCodeChallenge */ = {
			isa = PBXNativeTarget;
			buildConfigurationList = 7A16581328CA1E9A004EDE42 /* Build configuration list for PBXNativeTarget "StarzPlayCodeChallenge" */;
			buildPhases = (
				7A1657EB28CA1E96004EDE42 /* Sources */,
				7A1657EC28CA1E96004EDE42 /* Frameworks */,
				7A1657ED28CA1E96004EDE42 /* Resources */,
			);
			buildRules = (
			);
			dependencies = (
			);
			name = StarzPlayCodeChallenge;
			packageProductDependencies = (
				7A82817128CF51250087C88D /* MyApiLibrary */,
			);
			productName = StarzPlayCodeChallenge;
			productReference = 7A1657EF28CA1E96004EDE42 /* StarzPlayCodeChallenge.app */;
			productType = "com.apple.product-type.application";
		};
		7A551FF728CCF70100B8F9BD /* StarzPlayCodeChallengeTests */ = {
			isa = PBXNativeTarget;
			buildConfigurationList = 7A551FFE28CCF70100B8F9BD /* Build configuration list for PBXNativeTarget "StarzPlayCodeChallengeTests" */;
			buildPhases = (
				7A551FF428CCF70100B8F9BD /* Sources */,
				7A551FF528CCF70100B8F9BD /* Frameworks */,
				7A551FF628CCF70100B8F9BD /* Resources */,
			);
			buildRules = (
			);
			dependencies = (
				7A551FFD28CCF70100B8F9BD /* PBXTargetDependency */,
			);
			name = StarzPlayCodeChallengeTests;
			productName = StarzPlayCodeChallengeTests;
			productReference = 7A551FF828CCF70100B8F9BD /* StarzPlayCodeChallengeTests.xctest */;
			productType = "com.apple.product-type.bundle.unit-test";
		};
/* End PBXNativeTarget section */

/* Begin PBXProject section */
		7A1657E728CA1E96004EDE42 /* Project object */ = {
			isa = PBXProject;
			attributes = {
				BuildIndependentTargetsInParallel = 1;
				LastSwiftUpdateCheck = 1330;
				LastUpgradeCheck = 1330;
				TargetAttributes = {
					7A1657EE28CA1E96004EDE42 = {
						CreatedOnToolsVersion = 13.3;
					};
					7A551FF728CCF70100B8F9BD = {
						CreatedOnToolsVersion = 13.3;
						LastSwiftMigration = 1330;
						TestTargetID = 7A1657EE28CA1E96004EDE42;
					};
				};
			};
			buildConfigurationList = 7A1657EA28CA1E96004EDE42 /* Build configuration list for PBXProject "StarzPlayCodeChallenge" */;
			compatibilityVersion = "Xcode 13.0";
			developmentRegion = en;
			hasScannedForEncodings = 0;
			knownRegions = (
				en,
				Base,
			);
			mainGroup = 7A1657E628CA1E96004EDE42;
			packageReferences = (
				7A82817028CF51250087C88D /* XCRemoteSwiftPackageReference "MyApiLibrary" */,
			);
			productRefGroup = 7A1657F028CA1E96004EDE42 /* Products */;
			projectDirPath = "";
			projectRoot = "";
			targets = (
				7A1657EE28CA1E96004EDE42 /* StarzPlayCodeChallenge */,
				7A551FF728CCF70100B8F9BD /* StarzPlayCodeChallengeTests */,
			);
		};
/* End PBXProject section */

/* Begin PBXResourcesBuildPhase section */
		7A1657ED28CA1E96004EDE42 /* Resources */ = {
			isa = PBXResourcesBuildPhase;
			buildActionMask = 2147483647;
			files = (
				7A1657FA28CA1E9A004EDE42 /* Preview Assets.xcassets in Resources */,
				7A1657F728CA1E9A004EDE42 /* Assets.xcassets in Resources */,
			);
			runOnlyForDeploymentPostprocessing = 0;
		};
		7A551FF628CCF70100B8F9BD /* Resources */ = {
			isa = PBXResourcesBuildPhase;
			buildActionMask = 2147483647;
			files = (
				7A55200728CCF88200B8F9BD /* season_detail_response.json in Resources */,
				7A55200528CCF84F00B8F9BD /* tv_detail_response.json in Resources */,
			);
			runOnlyForDeploymentPostprocessing = 0;
		};
/* End PBXResourcesBuildPhase section */

/* Begin PBXSourcesBuildPhase section */
		7A1657EB28CA1E96004EDE42 /* Sources */ = {
			isa = PBXSourcesBuildPhase;
			buildActionMask = 2147483647;
			files = (
				7A1657F528CA1E97004EDE42 /* ContentView.swift in Sources */,
				8032E4852A58296600FC1089 /* SeasonGridCell.swift in Sources */,
				7A16583A28CB0325004EDE42 /* SeasonGridView.swift in Sources */,
				7A16582328CA2365004EDE42 /* DetailView.swift in Sources */,
				7A16583428CA6A19004EDE42 /* ExpandableView.swift in Sources */,
				80DD4E2E2A65D5510088E60A /* PosterView.swift in Sources */,
				8032E4932A5D5EB500FC1089 /* HomeView.swift in Sources */,
				7A16582B28CA4724004EDE42 /* Extension.swift in Sources */,
				80B99DEE2A5FD3A5002BB4B7 /* MediaEndPointManger.swift in Sources */,
				8032E48D2A5D517C00FC1089 /* Media.swift in Sources */,
				80DD4E332A65D5DB0088E60A /* TVShows.swift in Sources */,
				7A16584528CB3A20004EDE42 /* EpisodeCell.swift in Sources */,
				7A16585F28CB7938004EDE42 /* TvDetailModel.swift in Sources */,
				80A1B7452A69C45D001FBE4C /* MovieDetailModel.swift in Sources */,
				7A551FED28CCD34800B8F9BD /* PlayerView.swift in Sources */,
				80DD4E352A65D6060088E60A /* Movie.swift in Sources */,
				80A1B7482A69C544001FBE4C /* MediaService.swift in Sources */,
				7A16582828CA34D5004EDE42 /* GradientImageView.swift in Sources */,
				7A16583128CA60F6004EDE42 /* TrailerButton.swift in Sources */,
				80DD4E392A671D830088E60A /* MediaDetailEndPoint.swift in Sources */,
				8032E4902A5D520F00FC1089 /* MediaEndpoint.swift in Sources */,
				7A16583728CA6F8D004EDE42 /* RoundedButton.swift in Sources */,
				7A551FF328CCD46400B8F9BD /* CustomProgressBar.swift in Sources */,
				80DD4E302A65D57E0088E60A /* PosterRowView.swift in Sources */,
				7A16585828CB6A06004EDE42 /* SeasonEndPoint.swift in Sources */,
				7A551FF128CCD40700B8F9BD /* ControlView.swift in Sources */,
				8032E4972A5D98A300FC1089 /* HomeViewModel.swift in Sources */,
				7A3B5D6728CF971900C54383 /* AppInstantiationFactory.swift in Sources */,
				7A551FDE28CC617100B8F9BD /* Episode.swift in Sources */,
				8032E4892A58355C00FC1089 /* CustomButton.swift in Sources */,
				7A16586228CB7FA6004EDE42 /* GenricModel.swift in Sources */,
				80A1B74A2A69C570001FBE4C /* MediaDetailService.swift in Sources */,
				8069BFE22A72A00F0053507A /* Helper.swift in Sources */,
				7A16583F28CB1D3D004EDE42 /* Season.swift in Sources */,
				7A16584B28CB59AA004EDE42 /* EndPoint+AppURl.swift in Sources */,
				7A16585C28CB6A82004EDE42 /* EpisodeService.swift in Sources */,
				8032E4872A582E4900FC1089 /* LoadingIndicatorView.swift in Sources */,
				7A16584228CB1D59004EDE42 /* SeasonGridVM.swift in Sources */,
				7A82816528CE2DD80087C88D /* AsyncImageView.swift in Sources */,
				7A551FD828CB8F5700B8F9BD /* DetailVM.swift in Sources */,
				7A1657F328CA1E97004EDE42 /* StarzPlayCodeChallengeApp.swift in Sources */,
				7A551FEF28CCD39F00B8F9BD /* VideoPlayerView.swift in Sources */,
				7A16582E28CA5CAB004EDE42 /* PlayButton.swift in Sources */,
				7A16582628CA26F2004EDE42 /* Constant.swift in Sources */,
				7A16582028CA22D0004EDE42 /* NavbarHiddenView.swift in Sources */,
			);
			runOnlyForDeploymentPostprocessing = 0;
		};
		7A551FF428CCF70100B8F9BD /* Sources */ = {
			isa = PBXSourcesBuildPhase;
			buildActionMask = 2147483647;
			files = (
				7A7FDBEA28CDEF7500F6C6C4 /* ModelsHelper.swift in Sources */,
				7A55200228CCF73300B8F9BD /* RequestApiTests.swift in Sources */,
				7A82816728CEF7A10087C88D /* VideoPlayerTest.swift in Sources */,
				7A7FDBE828CDE94200F6C6C4 /* SeasonVmTest.swift in Sources */,
				7A55200B28CD0ADB00B8F9BD /* TvDetailVmTest.swift in Sources */,
				7A55200928CCF89000B8F9BD /* Mockable.swift in Sources */,
			);
			runOnlyForDeploymentPostprocessing = 0;
		};
/* End PBXSourcesBuildPhase section */

/* Begin PBXTargetDependency section */
		7A551FFD28CCF70100B8F9BD /* PBXTargetDependency */ = {
			isa = PBXTargetDependency;
			target = 7A1657EE28CA1E96004EDE42 /* StarzPlayCodeChallenge */;
			targetProxy = 7A551FFC28CCF70100B8F9BD /* PBXContainerItemProxy */;
		};
/* End PBXTargetDependency section */

/* Begin XCBuildConfiguration section */
		7A16581128CA1E9A004EDE42 /* Debug */ = {
			isa = XCBuildConfiguration;
			buildSettings = {
				ALWAYS_SEARCH_USER_PATHS = NO;
				CLANG_ANALYZER_NONNULL = YES;
				CLANG_ANALYZER_NUMBER_OBJECT_CONVERSION = YES_AGGRESSIVE;
				CLANG_CXX_LANGUAGE_STANDARD = "gnu++17";
				CLANG_ENABLE_MODULES = YES;
				CLANG_ENABLE_OBJC_ARC = YES;
				CLANG_ENABLE_OBJC_WEAK = YES;
				CLANG_WARN_BLOCK_CAPTURE_AUTORELEASING = YES;
				CLANG_WARN_BOOL_CONVERSION = YES;
				CLANG_WARN_COMMA = YES;
				CLANG_WARN_CONSTANT_CONVERSION = YES;
				CLANG_WARN_DEPRECATED_OBJC_IMPLEMENTATIONS = YES;
				CLANG_WARN_DIRECT_OBJC_ISA_USAGE = YES_ERROR;
				CLANG_WARN_DOCUMENTATION_COMMENTS = YES;
				CLANG_WARN_EMPTY_BODY = YES;
				CLANG_WARN_ENUM_CONVERSION = YES;
				CLANG_WARN_INFINITE_RECURSION = YES;
				CLANG_WARN_INT_CONVERSION = YES;
				CLANG_WARN_NON_LITERAL_NULL_CONVERSION = YES;
				CLANG_WARN_OBJC_IMPLICIT_RETAIN_SELF = YES;
				CLANG_WARN_OBJC_LITERAL_CONVERSION = YES;
				CLANG_WARN_OBJC_ROOT_CLASS = YES_ERROR;
				CLANG_WARN_QUOTED_INCLUDE_IN_FRAMEWORK_HEADER = YES;
				CLANG_WARN_RANGE_LOOP_ANALYSIS = YES;
				CLANG_WARN_STRICT_PROTOTYPES = YES;
				CLANG_WARN_SUSPICIOUS_MOVE = YES;
				CLANG_WARN_UNGUARDED_AVAILABILITY = YES_AGGRESSIVE;
				CLANG_WARN_UNREACHABLE_CODE = YES;
				CLANG_WARN__DUPLICATE_METHOD_MATCH = YES;
				COPY_PHASE_STRIP = NO;
				DEBUG_INFORMATION_FORMAT = dwarf;
				ENABLE_STRICT_OBJC_MSGSEND = YES;
				ENABLE_TESTABILITY = YES;
				GCC_C_LANGUAGE_STANDARD = gnu11;
				GCC_DYNAMIC_NO_PIC = NO;
				GCC_NO_COMMON_BLOCKS = YES;
				GCC_OPTIMIZATION_LEVEL = 0;
				GCC_PREPROCESSOR_DEFINITIONS = (
					"DEBUG=1",
					"$(inherited)",
				);
				GCC_WARN_64_TO_32_BIT_CONVERSION = YES;
				GCC_WARN_ABOUT_RETURN_TYPE = YES_ERROR;
				GCC_WARN_UNDECLARED_SELECTOR = YES;
				GCC_WARN_UNINITIALIZED_AUTOS = YES_AGGRESSIVE;
				GCC_WARN_UNUSED_FUNCTION = YES;
				GCC_WARN_UNUSED_VARIABLE = YES;
				IPHONEOS_DEPLOYMENT_TARGET = 15.4;
				MTL_ENABLE_DEBUG_INFO = INCLUDE_SOURCE;
				MTL_FAST_MATH = YES;
				ONLY_ACTIVE_ARCH = YES;
				SDKROOT = iphoneos;
				SWIFT_ACTIVE_COMPILATION_CONDITIONS = DEBUG;
				SWIFT_OPTIMIZATION_LEVEL = "-Onone";
			};
			name = Debug;
		};
		7A16581228CA1E9A004EDE42 /* Release */ = {
			isa = XCBuildConfiguration;
			buildSettings = {
				ALWAYS_SEARCH_USER_PATHS = NO;
				CLANG_ANALYZER_NONNULL = YES;
				CLANG_ANALYZER_NUMBER_OBJECT_CONVERSION = YES_AGGRESSIVE;
				CLANG_CXX_LANGUAGE_STANDARD = "gnu++17";
				CLANG_ENABLE_MODULES = YES;
				CLANG_ENABLE_OBJC_ARC = YES;
				CLANG_ENABLE_OBJC_WEAK = YES;
				CLANG_WARN_BLOCK_CAPTURE_AUTORELEASING = YES;
				CLANG_WARN_BOOL_CONVERSION = YES;
				CLANG_WARN_COMMA = YES;
				CLANG_WARN_CONSTANT_CONVERSION = YES;
				CLANG_WARN_DEPRECATED_OBJC_IMPLEMENTATIONS = YES;
				CLANG_WARN_DIRECT_OBJC_ISA_USAGE = YES_ERROR;
				CLANG_WARN_DOCUMENTATION_COMMENTS = YES;
				CLANG_WARN_EMPTY_BODY = YES;
				CLANG_WARN_ENUM_CONVERSION = YES;
				CLANG_WARN_INFINITE_RECURSION = YES;
				CLANG_WARN_INT_CONVERSION = YES;
				CLANG_WARN_NON_LITERAL_NULL_CONVERSION = YES;
				CLANG_WARN_OBJC_IMPLICIT_RETAIN_SELF = YES;
				CLANG_WARN_OBJC_LITERAL_CONVERSION = YES;
				CLANG_WARN_OBJC_ROOT_CLASS = YES_ERROR;
				CLANG_WARN_QUOTED_INCLUDE_IN_FRAMEWORK_HEADER = YES;
				CLANG_WARN_RANGE_LOOP_ANALYSIS = YES;
				CLANG_WARN_STRICT_PROTOTYPES = YES;
				CLANG_WARN_SUSPICIOUS_MOVE = YES;
				CLANG_WARN_UNGUARDED_AVAILABILITY = YES_AGGRESSIVE;
				CLANG_WARN_UNREACHABLE_CODE = YES;
				CLANG_WARN__DUPLICATE_METHOD_MATCH = YES;
				COPY_PHASE_STRIP = NO;
				DEBUG_INFORMATION_FORMAT = "dwarf-with-dsym";
				ENABLE_NS_ASSERTIONS = NO;
				ENABLE_STRICT_OBJC_MSGSEND = YES;
				GCC_C_LANGUAGE_STANDARD = gnu11;
				GCC_NO_COMMON_BLOCKS = YES;
				GCC_WARN_64_TO_32_BIT_CONVERSION = YES;
				GCC_WARN_ABOUT_RETURN_TYPE = YES_ERROR;
				GCC_WARN_UNDECLARED_SELECTOR = YES;
				GCC_WARN_UNINITIALIZED_AUTOS = YES_AGGRESSIVE;
				GCC_WARN_UNUSED_FUNCTION = YES;
				GCC_WARN_UNUSED_VARIABLE = YES;
				IPHONEOS_DEPLOYMENT_TARGET = 15.4;
				MTL_ENABLE_DEBUG_INFO = NO;
				MTL_FAST_MATH = YES;
				SDKROOT = iphoneos;
				SWIFT_COMPILATION_MODE = wholemodule;
				SWIFT_OPTIMIZATION_LEVEL = "-O";
				VALIDATE_PRODUCT = YES;
			};
			name = Release;
		};
		7A16581428CA1E9A004EDE42 /* Debug */ = {
			isa = XCBuildConfiguration;
			buildSettings = {
				ASSETCATALOG_COMPILER_APPICON_NAME = AppIcon;
				ASSETCATALOG_COMPILER_GLOBAL_ACCENT_COLOR_NAME = AccentColor;
				CODE_SIGN_STYLE = Automatic;
				CURRENT_PROJECT_VERSION = 1;
				DEVELOPMENT_ASSET_PATHS = "\"StarzPlayCodeChallenge/Preview Content\"";
				DEVELOPMENT_TEAM = 5SXPZ2ZD2X;
				ENABLE_PREVIEWS = YES;
				GENERATE_INFOPLIST_FILE = YES;
				INFOPLIST_FILE = StarzPlayCodeChallenge/Info.plist;
				INFOPLIST_KEY_UIApplicationSceneManifest_Generation = YES;
				INFOPLIST_KEY_UIApplicationSupportsIndirectInputEvents = YES;
				INFOPLIST_KEY_UILaunchScreen_Generation = YES;
				INFOPLIST_KEY_UISupportedInterfaceOrientations = UIInterfaceOrientationPortrait;
				INFOPLIST_KEY_UISupportedInterfaceOrientations_iPad = "UIInterfaceOrientationPortrait UIInterfaceOrientationPortraitUpsideDown UIInterfaceOrientationLandscapeLeft UIInterfaceOrientationLandscapeRight";
				INFOPLIST_KEY_UISupportedInterfaceOrientations_iPhone = "UIInterfaceOrientationPortrait UIInterfaceOrientationLandscapeLeft UIInterfaceOrientationLandscapeRight";
				IPHONEOS_DEPLOYMENT_TARGET = 16.0;
				LD_RUNPATH_SEARCH_PATHS = (
					"$(inherited)",
					"@executable_path/Frameworks",
				);
				MARKETING_VERSION = 1.0;
				PRODUCT_BUNDLE_IDENTIFIER = com.mlb.StarzPlayCodeChallenge;
				PRODUCT_NAME = "$(TARGET_NAME)";
				SWIFT_EMIT_LOC_STRINGS = YES;
				SWIFT_VERSION = 5.0;
				TARGETED_DEVICE_FAMILY = 1;
			};
			name = Debug;
		};
		7A16581528CA1E9A004EDE42 /* Release */ = {
			isa = XCBuildConfiguration;
			buildSettings = {
				ASSETCATALOG_COMPILER_APPICON_NAME = AppIcon;
				ASSETCATALOG_COMPILER_GLOBAL_ACCENT_COLOR_NAME = AccentColor;
				CODE_SIGN_STYLE = Automatic;
				CURRENT_PROJECT_VERSION = 1;
				DEVELOPMENT_ASSET_PATHS = "\"StarzPlayCodeChallenge/Preview Content\"";
				DEVELOPMENT_TEAM = 5SXPZ2ZD2X;
				ENABLE_PREVIEWS = YES;
				GENERATE_INFOPLIST_FILE = YES;
				INFOPLIST_FILE = StarzPlayCodeChallenge/Info.plist;
				INFOPLIST_KEY_UIApplicationSceneManifest_Generation = YES;
				INFOPLIST_KEY_UIApplicationSupportsIndirectInputEvents = YES;
				INFOPLIST_KEY_UILaunchScreen_Generation = YES;
				INFOPLIST_KEY_UISupportedInterfaceOrientations = UIInterfaceOrientationPortrait;
				INFOPLIST_KEY_UISupportedInterfaceOrientations_iPad = "UIInterfaceOrientationPortrait UIInterfaceOrientationPortraitUpsideDown UIInterfaceOrientationLandscapeLeft UIInterfaceOrientationLandscapeRight";
				INFOPLIST_KEY_UISupportedInterfaceOrientations_iPhone = "UIInterfaceOrientationPortrait UIInterfaceOrientationLandscapeLeft UIInterfaceOrientationLandscapeRight";
				IPHONEOS_DEPLOYMENT_TARGET = 16.0;
				LD_RUNPATH_SEARCH_PATHS = (
					"$(inherited)",
					"@executable_path/Frameworks",
				);
				MARKETING_VERSION = 1.0;
				PRODUCT_BUNDLE_IDENTIFIER = com.mlb.StarzPlayCodeChallenge;
				PRODUCT_NAME = "$(TARGET_NAME)";
				SWIFT_EMIT_LOC_STRINGS = YES;
				SWIFT_VERSION = 5.0;
				TARGETED_DEVICE_FAMILY = 1;
			};
			name = Release;
		};
		7A551FFF28CCF70100B8F9BD /* Debug */ = {
			isa = XCBuildConfiguration;
			buildSettings = {
				BUNDLE_LOADER = "$(TEST_HOST)";
				CLANG_ENABLE_MODULES = YES;
				CODE_SIGN_STYLE = Automatic;
				CURRENT_PROJECT_VERSION = 1;
				DEVELOPMENT_TEAM = 5SXPZ2ZD2X;
				GENERATE_INFOPLIST_FILE = YES;
				IPHONEOS_DEPLOYMENT_TARGET = 16.0;
				LD_RUNPATH_SEARCH_PATHS = (
					"$(inherited)",
					"@executable_path/Frameworks",
					"@loader_path/Frameworks",
				);
				MARKETING_VERSION = 1.0;
				PRODUCT_BUNDLE_IDENTIFIER = com.mlb.StarzPlayCodeChallengeTests;
				PRODUCT_NAME = "$(TARGET_NAME)";
				SWIFT_EMIT_LOC_STRINGS = NO;
				SWIFT_OPTIMIZATION_LEVEL = "-Onone";
				SWIFT_VERSION = 5.0;
				TARGETED_DEVICE_FAMILY = "1,2";
				TEST_HOST = "$(BUILT_PRODUCTS_DIR)/StarzPlayCodeChallenge.app/StarzPlayCodeChallenge";
			};
			name = Debug;
		};
		7A55200028CCF70100B8F9BD /* Release */ = {
			isa = XCBuildConfiguration;
			buildSettings = {
				BUNDLE_LOADER = "$(TEST_HOST)";
				CLANG_ENABLE_MODULES = YES;
				CODE_SIGN_STYLE = Automatic;
				CURRENT_PROJECT_VERSION = 1;
				DEVELOPMENT_TEAM = 5SXPZ2ZD2X;
				GENERATE_INFOPLIST_FILE = YES;
				IPHONEOS_DEPLOYMENT_TARGET = 16.0;
				LD_RUNPATH_SEARCH_PATHS = (
					"$(inherited)",
					"@executable_path/Frameworks",
					"@loader_path/Frameworks",
				);
				MARKETING_VERSION = 1.0;
				PRODUCT_BUNDLE_IDENTIFIER = com.mlb.StarzPlayCodeChallengeTests;
				PRODUCT_NAME = "$(TARGET_NAME)";
				SWIFT_EMIT_LOC_STRINGS = NO;
				SWIFT_VERSION = 5.0;
				TARGETED_DEVICE_FAMILY = "1,2";
				TEST_HOST = "$(BUILT_PRODUCTS_DIR)/StarzPlayCodeChallenge.app/StarzPlayCodeChallenge";
			};
			name = Release;
		};
/* End XCBuildConfiguration section */

/* Begin XCConfigurationList section */
		7A1657EA28CA1E96004EDE42 /* Build configuration list for PBXProject "StarzPlayCodeChallenge" */ = {
			isa = XCConfigurationList;
			buildConfigurations = (
				7A16581128CA1E9A004EDE42 /* Debug */,
				7A16581228CA1E9A004EDE42 /* Release */,
			);
			defaultConfigurationIsVisible = 0;
			defaultConfigurationName = Release;
		};
		7A16581328CA1E9A004EDE42 /* Build configuration list for PBXNativeTarget "StarzPlayCodeChallenge" */ = {
			isa = XCConfigurationList;
			buildConfigurations = (
				7A16581428CA1E9A004EDE42 /* Debug */,
				7A16581528CA1E9A004EDE42 /* Release */,
			);
			defaultConfigurationIsVisible = 0;
			defaultConfigurationName = Release;
		};
		7A551FFE28CCF70100B8F9BD /* Build configuration list for PBXNativeTarget "StarzPlayCodeChallengeTests" */ = {
			isa = XCConfigurationList;
			buildConfigurations = (
				7A551FFF28CCF70100B8F9BD /* Debug */,
				7A55200028CCF70100B8F9BD /* Release */,
			);
			defaultConfigurationIsVisible = 0;
			defaultConfigurationName = Release;
		};
/* End XCConfigurationList section */

/* Begin XCRemoteSwiftPackageReference section */
		7A82817028CF51250087C88D /* XCRemoteSwiftPackageReference "MyApiLibrary" */ = {
			isa = XCRemoteSwiftPackageReference;
			repositoryURL = "https://github.com/mudassarahmad09/MyApiLibrary";
			requirement = {
				branch = main;
				kind = branch;
			};
		};
/* End XCRemoteSwiftPackageReference section */

/* Begin XCSwiftPackageProductDependency section */
		7A82817128CF51250087C88D /* MyApiLibrary */ = {
			isa = XCSwiftPackageProductDependency;
			package = 7A82817028CF51250087C88D /* XCRemoteSwiftPackageReference "MyApiLibrary" */;
			productName = MyApiLibrary;
		};
/* End XCSwiftPackageProductDependency section */
	};
	rootObject = 7A1657E728CA1E96004EDE42 /* Project object */;
}
